dependencies:
- name: zookeeper
  repository: https://charts.bitnami.com/bitnami
  version: 6.0.0
- name: query-service
  repository: file://./signoz-charts/query-service
  version: 0.5.4
- name: frontend
  repository: file://./signoz-charts/frontend
  version: 0.5.4
- name: alertmanager
  repository: file://./signoz-charts/alertmanager
  version: 0.5.0
digest: sha256:b75aaa30cee8c67d7194fec3543e02389d4df0806982cce55d848b564ae9aad7
generated: "2021-12-24T13:23:16.211336+05:30"
