dependencies:
- name: zookeeper
  repository: https://charts.bitnami.com/bitnami
  version: 6.0.0
- name: kafka
  repository: https://charts.bitnami.com/bitnami
  version: 12.0.0
- name: druid
  repository: https://charts.helm.sh/incubator
  version: 0.2.18
- name: flattener-processor
  repository: file://./signoz-charts/flattener-processor
  version: 0.3.3
- name: query-service
  repository: file://./signoz-charts/query-service
  version: 0.3.3
- name: frontend
  repository: file://./signoz-charts/frontend
  version: 0.3.3
digest: sha256:3d9f7f0f9fc4162ccffae7aa9cc29be5885fe78d32c9e0ff7b1f0e0927f64525
generated: "2021-08-02T22:14:12.043486+05:30"
