dependencies:
- name: zookeeper
  repository: https://charts.bitnami.com/bitnami
  version: 6.0.0
- name: kafka
  repository: https://charts.bitnami.com/bitnami
  version: 12.0.0
- name: druid
  repository: https://charts.helm.sh/incubator
  version: 0.2.18
- name: flattener-processor
  repository: file://./signoz-charts/flattener-processor
  version: 0.1.1
- name: query-service
  repository: file://./signoz-charts/query-service
  version: 0.1.1
- name: frontend
  repository: file://./signoz-charts/frontend
  version: 0.1.8
digest: sha256:8e85ad25689df85b0176627539f1ba116ed609aa31c55043a4e41417d574f0c1
generated: "2021-01-20T17:23:19.845512+05:30"
