lockfileVersion: '9.0'

settings:
  autoInstallPeers: true
  excludeLinksFromLockfile: false

importers:

  .:
    devDependencies:
      '@playwright/test':
        specifier: ^1.57.0-alpha-2025-10-09
        version: 1.57.0-alpha-2025-10-11
      '@types/node':
        specifier: ^20.0.0
        version: 20.19.20
      dotenv:
        specifier: ^16.0.0
        version: 16.6.1
      eslint-plugin-playwright:
        specifier: ^2.10.2
        version: 2.10.2(eslint@10.2.1)
      oxfmt:
        specifier: ^0.41.0
        version: 0.41.0
      oxlint:
        specifier: ^1.59.0
        version: 1.61.0(oxlint-tsgolint@0.20.0)
      oxlint-tsgolint:
        specifier: ^0.20.0
        version: 0.20.0
      typescript:
        specifier: ^5.0.0
        version: 5.9.3

packages:

  '@eslint-community/eslint-utils@4.9.1':
    resolution: {integrity: sha512-phrYmNiYppR7znFEdqgfWHXR6NCkZEK7hwWDHZUjit/2/U0r6XvkDl0SYnoM51Hq7FhCGdLDT6zxCCOY1hexsQ==}
    engines: {node: ^12.22.0 || ^14.17.0 || >=16.0.0}
    peerDependencies:
      eslint: ^6.0.0 || ^7.0.0 || >=8.0.0

  '@eslint-community/regexpp@4.12.2':
    resolution: {integrity: sha512-EriSTlt5OC9/7SXkRSCAhfSxxoSUgBm33OH+IkwbdpgoqsSsUg7y3uh+IICI/Qg4BBWr3U2i39RpmycbxMq4ew==}
    engines: {node: ^12.0.0 || ^14.0.0 || >=16.0.0}

  '@eslint/config-array@0.23.5':
    resolution: {integrity: sha512-Y3kKLvC1dvTOT+oGlqNQ1XLqK6D1HU2YXPc52NmAlJZbMMWDzGYXMiPRJ8TYD39muD/OTjlZmNJ4ib7dvSrMBA==}
    engines: {node: ^20.19.0 || ^22.13.0 || >=24}

  '@eslint/config-helpers@0.5.5':
    resolution: {integrity: sha512-eIJYKTCECbP/nsKaaruF6LW967mtbQbsw4JTtSVkUQc9MneSkbrgPJAbKl9nWr0ZeowV8BfsarBmPpBzGelA2w==}
    engines: {node: ^20.19.0 || ^22.13.0 || >=24}

  '@eslint/core@1.2.1':
    resolution: {integrity: sha512-MwcE1P+AZ4C6DWlpin/OmOA54mmIZ/+xZuJiQd4SyB29oAJjN30UW9wkKNptW2ctp4cEsvhlLY/CsQ1uoHDloQ==}
    engines: {node: ^20.19.0 || ^22.13.0 || >=24}

  '@eslint/object-schema@3.0.5':
    resolution: {integrity: sha512-vqTaUEgxzm+YDSdElad6PiRoX4t8VGDjCtt05zn4nU810UIx/uNEV7/lZJ6KwFThKZOzOxzXy48da+No7HZaMw==}
    engines: {node: ^20.19.0 || ^22.13.0 || >=24}

  '@eslint/plugin-kit@0.7.1':
    resolution: {integrity: sha512-rZAP3aVgB9ds9KOeUSL+zZ21hPmo8dh6fnIFwRQj5EAZl9gzR7wxYbYXYysAM8CTqGmUGyp2S4kUdV17MnGuWQ==}
    engines: {node: ^20.19.0 || ^22.13.0 || >=24}

  '@humanfs/core@0.19.2':
    resolution: {integrity: sha512-UhXNm+CFMWcbChXywFwkmhqjs3PRCmcSa/hfBgLIb7oQ5HNb1wS0icWsGtSAUNgefHeI+eBrA8I1fxmbHsGdvA==}
    engines: {node: '>=18.18.0'}

  '@humanfs/node@0.16.8':
    resolution: {integrity: sha512-gE1eQNZ3R++kTzFUpdGlpmy8kDZD/MLyHqDwqjkVQI0JMdI1D51sy1H958PNXYkM2rAac7e5/CnIKZrHtPh3BQ==}
    engines: {node: '>=18.18.0'}

  '@humanfs/types@0.15.0':
    resolution: {integrity: sha512-ZZ1w0aoQkwuUuC7Yf+7sdeaNfqQiiLcSRbfI08oAxqLtpXQr9AIVX7Ay7HLDuiLYAaFPu8oBYNq/QIi9URHJ3Q==}
    engines: {node: '>=18.18.0'}

  '@humanwhocodes/module-importer@1.0.1':
    resolution: {integrity: sha512-bxveV4V8v5Yb4ncFTT3rPSgZBOpCkjfK0y4oVVVJwIuDVBRMDXrPyXRL988i5ap9m9bnyEEjWfm5WkBmtffLfA==}
    engines: {node: '>=12.22'}

  '@humanwhocodes/retry@0.4.3':
    resolution: {integrity: sha512-bV0Tgo9K4hfPCek+aMAn81RppFKv2ySDQeMoSZuvTASywNTnVJCArCZE2FWqpvIatKu7VMRLWlR1EazvVhDyhQ==}
    engines: {node: '>=18.18'}

  '@oxfmt/binding-android-arm-eabi@0.41.0':
    resolution: {integrity: sha512-REfrqeMKGkfMP+m/ScX4f5jJBSmVNYcpoDF8vP8f8eYPDuPGZmzp56NIUsYmx3h7f6NzC6cE3gqh8GDWrJHCKw==}
    engines: {node: ^20.19.0 || >=22.12.0}
    cpu: [arm]
    os: [android]

  '@oxfmt/binding-android-arm64@0.41.0':
    resolution: {integrity: sha512-s0b1dxNgb2KomspFV2LfogC2XtSJB42POXF4bMCLJyvQmAGos4ZtjGPfQreToQEaY0FQFjz3030ggI36rF1q5g==}
    engines: {node: ^20.19.0 || >=22.12.0}
    cpu: [arm64]
    os: [android]

  '@oxfmt/binding-darwin-arm64@0.41.0':
    resolution: {integrity: sha512-EGXGualADbv/ZmamE7/2DbsrYmjoPlAmHEpTL4vapLF4EfVD6fr8/uQDFnPJkUBjiSWFJZtFNsGeN1B6V3owmA==}
    engines: {node: ^20.19.0 || >=22.12.0}
    cpu: [arm64]
    os: [darwin]

  '@oxfmt/binding-darwin-x64@0.41.0':
    resolution: {integrity: sha512-WxySJEvdQQYMmyvISH3qDpTvoS0ebnIP63IMxLLWowJyPp/AAH0hdWtlo+iGNK5y3eVfa5jZguwNaQkDKWpGSw==}
    engines: {node: ^20.19.0 || >=22.12.0}
    cpu: [x64]
    os: [darwin]

  '@oxfmt/binding-freebsd-x64@0.41.0':
    resolution: {integrity: sha512-Y2kzMkv3U3oyuYaR4wTfGjOTYTXiFC/hXmG0yVASKkbh02BJkvD98Ij8bIevr45hNZ0DmZEgqiXF+9buD4yMYQ==}
    engines: {node: ^20.19.0 || >=22.12.0}
    cpu: [x64]
    os: [freebsd]

  '@oxfmt/binding-linux-arm-gnueabihf@0.41.0':
    resolution: {integrity: sha512-ptazDjdUyhket01IjPTT6ULS1KFuBfTUU97osTP96X5y/0oso+AgAaJzuH81oP0+XXyrWIHbRzozSAuQm4p48g==}
    engines: {node: ^20.19.0 || >=22.12.0}
    cpu: [arm]
    os: [linux]

  '@oxfmt/binding-linux-arm-musleabihf@0.41.0':
    resolution: {integrity: sha512-UkoL2OKxFD+56bPEBcdGn+4juTW4HRv/T6w1dIDLnvKKWr6DbarB/mtHXlADKlFiJubJz8pRkttOR7qjYR6lTA==}
    engines: {node: ^20.19.0 || >=22.12.0}
    cpu: [arm]
    os: [linux]

  '@oxfmt/binding-linux-arm64-gnu@0.41.0':
    resolution: {integrity: sha512-gofu0PuumSOHYczD8p62CPY4UF6ee+rSLZJdUXkpwxg6pILiwSDBIouPskjF/5nF3A7QZTz2O9KFNkNxxFN9tA==}
    engines: {node: ^20.19.0 || >=22.12.0}
    cpu: [arm64]
    os: [linux]
    libc: [glibc]

  '@oxfmt/binding-linux-arm64-musl@0.41.0':
    resolution: {integrity: sha512-VfVZxL0+6RU86T8F8vKiDBa+iHsr8PAjQmKGBzSCAX70b6x+UOMFl+2dNihmKmUwqkCazCPfYjt6SuAPOeQJ3g==}
    engines: {node: ^20.19.0 || >=22.12.0}
    cpu: [arm64]
    os: [linux]
    libc: [musl]

  '@oxfmt/binding-linux-ppc64-gnu@0.41.0':
    resolution: {integrity: sha512-bwzokz2eGvdfJbc0i+zXMJ4BBjQPqg13jyWpEEZDOrBCQ91r8KeY2Mi2kUeuMTZNFXju+jcAbAbpyJxRGla0eg==}
    engines: {node: ^20.19.0 || >=22.12.0}
    cpu: [ppc64]
    os: [linux]
    libc: [glibc]

  '@oxfmt/binding-linux-riscv64-gnu@0.41.0':
    resolution: {integrity: sha512-POLM//PCH9uqDeNDwWL3b3DkMmI3oI2cU6hwc2lnztD1o7dzrQs3R9nq555BZ6wI7t2lyhT9CS+CRaz5X0XqLA==}
    engines: {node: ^20.19.0 || >=22.12.0}
    cpu: [riscv64]
    os: [linux]
    libc: [glibc]

  '@oxfmt/binding-linux-riscv64-musl@0.41.0':
    resolution: {integrity: sha512-NNK7PzhFqLUwx/G12Xtm6scGv7UITvyGdAR5Y+TlqsG+essnuRWR4jRNODWRjzLZod0T3SayRbnkSIWMBov33w==}
    engines: {node: ^20.19.0 || >=22.12.0}
    cpu: [riscv64]
    os: [linux]
    libc: [musl]

  '@oxfmt/binding-linux-s390x-gnu@0.41.0':
    resolution: {integrity: sha512-qVf/zDC5cN9eKe4qI/O/m445er1IRl6swsSl7jHkqmOSVfknwCe5JXitYjZca+V/cNJSU/xPlC5EFMabMMFDpw==}
    engines: {node: ^20.19.0 || >=22.12.0}
    cpu: [s390x]
    os: [linux]
    libc: [glibc]

  '@oxfmt/binding-linux-x64-gnu@0.41.0':
    resolution: {integrity: sha512-ojxYWu7vUb6ysYqVCPHuAPVZHAI40gfZ0PDtZAMwVmh2f0V8ExpPIKoAKr7/8sNbAXJBBpZhs2coypIo2jJX4w==}
    engines: {node: ^20.19.0 || >=22.12.0}
    cpu: [x64]
    os: [linux]
    libc: [glibc]

  '@oxfmt/binding-linux-x64-musl@0.41.0':
    resolution: {integrity: sha512-O2exZLBxoCMIv2vlvcbkdedazJPTdG0VSup+0QUCfYQtx751zCZNboX2ZUOiQ/gDTdhtXvSiot0h6GEGkOyalA==}
    engines: {node: ^20.19.0 || >=22.12.0}
    cpu: [x64]
    os: [linux]
    libc: [musl]

  '@oxfmt/binding-openharmony-arm64@0.41.0':
    resolution: {integrity: sha512-N+31/VoL+z+NNBt8viy3I4NaIdPbiYeOnB884LKqvXldaE2dRztdPv3q5ipfZYv0RwFp7JfqS4I27K/DSHCakg==}
    engines: {node: ^20.19.0 || >=22.12.0}
    cpu: [arm64]
    os: [openharmony]

  '@oxfmt/binding-win32-arm64-msvc@0.41.0':
    resolution: {integrity: sha512-Z7NAtu/RN8kjCQ1y5oDD0nTAeRswh3GJ93qwcW51srmidP7XPBmZbLlwERu1W5veCevQJtPS9xmkpcDTYsGIwQ==}
    engines: {node: ^20.19.0 || >=22.12.0}
    cpu: [arm64]
    os: [win32]

  '@oxfmt/binding-win32-ia32-msvc@0.41.0':
    resolution: {integrity: sha512-uNxxP3l4bJ6VyzIeRqCmBU2Q0SkCFgIhvx9/9dJ9V8t/v+jP1IBsuaLwCXGR8JPHtkj4tFp+RHtUmU2ZYAUpMA==}
    engines: {node: ^20.19.0 || >=22.12.0}
    cpu: [ia32]
    os: [win32]

  '@oxfmt/binding-win32-x64-msvc@0.41.0':
    resolution: {integrity: sha512-49ZSpbZ1noozyPapE8SUOSm3IN0Ze4b5nkO+4+7fq6oEYQQJFhE0saj5k/Gg4oewVPdjn0L3ZFeWk2Vehjcw7A==}
    engines: {node: ^20.19.0 || >=22.12.0}
    cpu: [x64]
    os: [win32]

  '@oxlint-tsgolint/darwin-arm64@0.20.0':
    resolution: {integrity: sha512-KKQcIHZHMxqpHUA1VXIbOG6chNCFkUWbQy6M+AFVtPKkA/3xAeJkJ3njoV66bfzwPHRcWQO+kcj5XqtbkjakoA==}
    cpu: [arm64]
    os: [darwin]

  '@oxlint-tsgolint/darwin-x64@0.20.0':
    resolution: {integrity: sha512-7HeVMuclGfG+NLZi2ybY0T4fMI7/XxO/208rJk+zEIloKkVnlh11Wd241JMGwgNFXn+MLJbOqOfojDb2Dt4L1g==}
    cpu: [x64]
    os: [darwin]

  '@oxlint-tsgolint/linux-arm64@0.20.0':
    resolution: {integrity: sha512-zxhUwz+WSxE6oWlZLK2z2ps9yC6ebmgoYmjAl0Oa48+GqkZ56NVgo+wb8DURNv6xrggzHStQxqQxe3mK51HZag==}
    cpu: [arm64]
    os: [linux]

  '@oxlint-tsgolint/linux-x64@0.20.0':
    resolution: {integrity: sha512-/1l6FnahC9im8PK+Ekkx/V3yetO/PzZnJegE2FXcv/iXEhbeVxP/ouiTYcUQu9shT1FWJCSNti1VJHH+21Y1dg==}
    cpu: [x64]
    os: [linux]

  '@oxlint-tsgolint/win32-arm64@0.20.0':
    resolution: {integrity: sha512-oPZ5Yz8sVdo7P/5q+i3IKeix31eFZ55JAPa1+RGPoe9PoaYVsdMvR6Jvib6YtrqoJnFPlg3fjEjlEPL8VBKYJA==}
    cpu: [arm64]
    os: [win32]

  '@oxlint-tsgolint/win32-x64@0.20.0':
    resolution: {integrity: sha512-4stx8RHj3SP9vQyRF/yZbz5igtPvYMEUR8CUoha4BVNZihi39DpCR8qkU7lpjB5Ga1DRMo2pHaA4bdTOMaY4mw==}
    cpu: [x64]
    os: [win32]

  '@oxlint/binding-android-arm-eabi@1.61.0':
    resolution: {integrity: sha512-6eZBPgiigK5txqoVgRqxbaxiom4lM8AP8CyKPPvpzKnQ3iFRFOIDc+0AapF+qsUSwjOzr5SGk4SxQDpQhkSJMQ==}
    engines: {node: ^20.19.0 || >=22.12.0}
    cpu: [arm]
    os: [android]

  '@oxlint/binding-android-arm64@1.61.0':
    resolution: {integrity: sha512-CkwLR69MUnyv5wjzebvbbtTSUwqLxM35CXE79bHqDIK+NtKmPEUpStTcLQRZMCo4MP0qRT6TXIQVpK0ZVScnMA==}
    engines: {node: ^20.19.0 || >=22.12.0}
    cpu: [arm64]
    os: [android]

  '@oxlint/binding-darwin-arm64@1.61.0':
    resolution: {integrity: sha512-8JbefTkbmvqkqWjmQrHke+MdpgT2UghhD/ktM4FOQSpGeCgbMToJEKdl9zwhr/YWTl92i4QI1KiTwVExpcUN8A==}
    engines: {node: ^20.19.0 || >=22.12.0}
    cpu: [arm64]
    os: [darwin]

  '@oxlint/binding-darwin-x64@1.61.0':
    resolution: {integrity: sha512-uWpoxDT47hTnDLcdEh5jVbso8rlTTu5o0zuqa9J8E0JAKmIWn7kGFEIB03Pycn2hd2vKxybPGLhjURy/9We5FQ==}
    engines: {node: ^20.19.0 || >=22.12.0}
    cpu: [x64]
    os: [darwin]

  '@oxlint/binding-freebsd-x64@1.61.0':
    resolution: {integrity: sha512-K/o4hEyW7flfMel0iBVznmMBt7VIMHGdjADocHKpK1DUF9erpWnJ+BSSWd2W0c8K3mPtpph+CuHzRU6CI3l9jQ==}
    engines: {node: ^20.19.0 || >=22.12.0}
    cpu: [x64]
    os: [freebsd]

  '@oxlint/binding-linux-arm-gnueabihf@1.61.0':
    resolution: {integrity: sha512-P6040ZkcyweJ0Po9yEFqJCdvZnf3VNCGs1SIHgXDf8AAQNC6ID/heXQs9iSgo2FH7gKaKq32VWc59XZwL34C5Q==}
    engines: {node: ^20.19.0 || >=22.12.0}
    cpu: [arm]
    os: [linux]

  '@oxlint/binding-linux-arm-musleabihf@1.61.0':
    resolution: {integrity: sha512-bwxrGCzTZkuB+THv2TQ1aTkVEfv5oz8sl+0XZZCpoYzErJD8OhPQOTA0ENPd1zJz8QsVdSzSrS2umKtPq4/JXg==}
    engines: {node: ^20.19.0 || >=22.12.0}
    cpu: [arm]
    os: [linux]

  '@oxlint/binding-linux-arm64-gnu@1.61.0':
    resolution: {integrity: sha512-vkhb9/wKguMkLlrm3FoJW/Xmdv31GgYAE+x8lxxQ+7HeOxXUySI0q36a3NTVIuQUdLzxCI1zzMGsk1o37FOe3w==}
    engines: {node: ^20.19.0 || >=22.12.0}
    cpu: [arm64]
    os: [linux]
    libc: [glibc]

  '@oxlint/binding-linux-arm64-musl@1.61.0':
    resolution: {integrity: sha512-bl1dQh8LnVqsj6oOQAcxwbuOmNJkwc4p6o//HTBZhNTzJy21TLDwAviMqUFNUxDHkPGpmdKTSN4tWTjLryP8xg==}
    engines: {node: ^20.19.0 || >=22.12.0}
    cpu: [arm64]
    os: [linux]
    libc: [musl]

  '@oxlint/binding-linux-ppc64-gnu@1.61.0':
    resolution: {integrity: sha512-QoOX6KB2IiEpyOj/HKqaxi+NQHPnOgNgnr22n9N4ANJCzXkUlj1UmeAbFb4PpqdlHIzvGDM5xZ0OKtcLq9RhiQ==}
    engines: {node: ^20.19.0 || >=22.12.0}
    cpu: [ppc64]
    os: [linux]
    libc: [glibc]

  '@oxlint/binding-linux-riscv64-gnu@1.61.0':
    resolution: {integrity: sha512-1TGcTerjY6p152wCof3oKElccq3xHljS/Mucp04gV/4ATpP6nO7YNnp7opEg6SHkv2a57/b4b8Ndm9znJ1/qAw==}
    engines: {node: ^20.19.0 || >=22.12.0}
    cpu: [riscv64]
    os: [linux]
    libc: [glibc]

  '@oxlint/binding-linux-riscv64-musl@1.61.0':
    resolution: {integrity: sha512-65wXEmZIrX2ADwC8i/qFL4EWLSbeuBpAm3suuX1vu4IQkKd+wLT/HU/BOl84kp91u2SxPkPDyQgu4yrqp8vwVA==}
    engines: {node: ^20.19.0 || >=22.12.0}
    cpu: [riscv64]
    os: [linux]
    libc: [musl]

  '@oxlint/binding-linux-s390x-gnu@1.61.0':
    resolution: {integrity: sha512-TVvhgMvor7Qa6COeXxCJ7ENOM+lcAOGsQ0iUdPSCv2hxb9qSHLQ4XF1h50S6RE1gBOJ0WV3rNukg4JJJP1LWRA==}
    engines: {node: ^20.19.0 || >=22.12.0}
    cpu: [s390x]
    os: [linux]
    libc: [glibc]

  '@oxlint/binding-linux-x64-gnu@1.61.0':
    resolution: {integrity: sha512-SjpS5uYuFoDnDdZPwZE59ndF95AsY47R5MliuneTWR1pDm2CxGJaYXbKULI71t5TVfLQUWmrHEGRL9xvuq6dnA==}
    engines: {node: ^20.19.0 || >=22.12.0}
    cpu: [x64]
    os: [linux]
    libc: [glibc]

  '@oxlint/binding-linux-x64-musl@1.61.0':
    resolution: {integrity: sha512-gGfAeGD4sNJGILZbc/yKcIimO9wQnPMoYp9swAaKeEtwsSQAbU+rsdQze5SBtIP6j0QDzeYd4XSSUCRCF+LIeQ==}
    engines: {node: ^20.19.0 || >=22.12.0}
    cpu: [x64]
    os: [linux]
    libc: [musl]

  '@oxlint/binding-openharmony-arm64@1.61.0':
    resolution: {integrity: sha512-OlVT0LrG/ct33EVtWRyR+B/othwmDWeRxfi13wUdPeb3lAT5TgTcFDcfLfarZtzB4W1nWF/zICMgYdkggX2WmQ==}
    engines: {node: ^20.19.0 || >=22.12.0}
    cpu: [arm64]
    os: [openharmony]

  '@oxlint/binding-win32-arm64-msvc@1.61.0':
    resolution: {integrity: sha512-vI//NZPJk6DToiovPtaiwD4iQ7kO1r5ReWQD0sOOyKRtP3E2f6jxin4uvwi3OvDzHA2EFfd7DcZl5dtkQh7g1w==}
    engines: {node: ^20.19.0 || >=22.12.0}
    cpu: [arm64]
    os: [win32]

  '@oxlint/binding-win32-ia32-msvc@1.61.0':
    resolution: {integrity: sha512-0ySj4/4zd2XjePs3XAQq7IigIstN4LPQZgCyigX5/ERMLjdWAJfnxcTsrtxZxuij8guJW8foXuHmhGxW0H4dDA==}
    engines: {node: ^20.19.0 || >=22.12.0}
    cpu: [ia32]
    os: [win32]

  '@oxlint/binding-win32-x64-msvc@1.61.0':
    resolution: {integrity: sha512-0xgSiyeqDLDZxXoe9CVJrOx3TUVsfyoOY7cNi03JbItNcC9WCZqrSNdrAbHONxhSPaVh/lzfnDcON1RqSUMhHw==}
    engines: {node: ^20.19.0 || >=22.12.0}
    cpu: [x64]
    os: [win32]

  '@playwright/test@1.57.0-alpha-2025-10-11':
    resolution: {integrity: sha512-xqp2RNcLCPSUAYCrP3+rYZ4LFlESvWqjjpFegjNbun7wLcGvUt9Mh+RHBvgeZAhMxxuVde78XO9Y888UYFH9ew==}
    engines: {node: '>=18'}
    hasBin: true

  '@types/esrecurse@4.3.1':
    resolution: {integrity: sha512-xJBAbDifo5hpffDBuHl0Y8ywswbiAp/Wi7Y/GtAgSlZyIABppyurxVueOPE8LUQOxdlgi6Zqce7uoEpqNTeiUw==}

  '@types/estree@1.0.8':
    resolution: {integrity: sha512-dWHzHa2WqEXI/O1E9OjrocMTKJl2mSrEolh1Iomrv6U+JuNwaHXsXx9bLu5gG7BUWFIN0skIQJQ/L1rIex4X6w==}

  '@types/json-schema@7.0.15':
    resolution: {integrity: sha512-5+fP8P8MFNC+AyZCDxrB2pkZFPGzqQWUzpSeuuVLvm8VMcorNYavBqoFcxK8bQz4Qsbn4oUEEem4wDLfcysGHA==}

  '@types/node@20.19.20':
    resolution: {integrity: sha512-2Q7WS25j4pS1cS8yw3d6buNCVJukOTeQ39bAnwR6sOJbaxvyCGebzTMypDFN82CxBLnl+lSWVdCCWbRY6y9yZQ==}

  acorn-jsx@5.3.2:
    resolution: {integrity: sha512-rq9s+JNhf0IChjtDXxllJ7g41oZk5SlXtp0LHwyA5cejwn7vKmKp4pPri6YEePv2PU65sAsegbXtIinmDFDXgQ==}
    peerDependencies:
      acorn: ^6.0.0 || ^7.0.0 || ^8.0.0

  acorn@8.16.0:
    resolution: {integrity: sha512-UVJyE9MttOsBQIDKw1skb9nAwQuR5wuGD3+82K6JgJlm/Y+KI92oNsMNGZCYdDsVtRHSak0pcV5Dno5+4jh9sw==}
    engines: {node: '>=0.4.0'}
    hasBin: true

  ajv@6.15.0:
    resolution: {integrity: sha512-fgFx7Hfoq60ytK2c7DhnF8jIvzYgOMxfugjLOSMHjLIPgenqa7S7oaagATUq99mV6IYvN2tRmC0wnTYX6iPbMw==}

  balanced-match@4.0.4:
    resolution: {integrity: sha512-BLrgEcRTwX2o6gGxGOCNyMvGSp35YofuYzw9h1IMTRmKqttAZZVU67bdb9Pr2vUHA8+j3i2tJfjO6C6+4myGTA==}
    engines: {node: 18 || 20 || >=22}

  brace-expansion@5.0.5:
    resolution: {integrity: sha512-VZznLgtwhn+Mact9tfiwx64fA9erHH/MCXEUfB/0bX/6Fz6ny5EGTXYltMocqg4xFAQZtnO3DHWWXi8RiuN7cQ==}
    engines: {node: 18 || 20 || >=22}

  cross-spawn@7.0.6:
    resolution: {integrity: sha512-uV2QOWP2nWzsy2aMp8aRibhi9dlzF5Hgh5SHaB9OiTGEyDTiJJyx0uy51QXdyWbtAHNua4XJzUKca3OzKUd3vA==}
    engines: {node: '>= 8'}

  debug@4.4.3:
    resolution: {integrity: sha512-RGwwWnwQvkVfavKVt22FGLw+xYSdzARwm0ru6DhTVA3umU5hZc28V3kO4stgYryrTlLpuvgI9GiijltAjNbcqA==}
    engines: {node: '>=6.0'}
    peerDependencies:
      supports-color: '*'
    peerDependenciesMeta:
      supports-color:
        optional: true

  deep-is@0.1.4:
    resolution: {integrity: sha512-oIPzksmTg4/MriiaYGO+okXDT7ztn/w3Eptv/+gSIdMdKsJo0u4CfYNFJPy+4SKMuCqGw2wxnA+URMg3t8a/bQ==}

  dotenv@16.6.1:
    resolution: {integrity: sha512-uBq4egWHTcTt33a72vpSG0z3HnPuIl6NqYcTrKEg2azoEyl2hpW0zqlxysq2pK9HlDIHyHyakeYaYnSAwd8bow==}
    engines: {node: '>=12'}

  escape-string-regexp@4.0.0:
    resolution: {integrity: sha512-TtpcNJ3XAzx3Gq8sWRzJaVajRs0uVxA2YAkdb1jm2YkPz4G6egUFAyA3n5vtEIZefPk5Wa4UXbKuS5fKkJWdgA==}
    engines: {node: '>=10'}

  eslint-plugin-playwright@2.10.2:
    resolution: {integrity: sha512-0N+2OWc3NZbOZ0gK8mp2TK6Qu3UWcJTQ9rqU0UM2yRJXgT758pvpY0lsOLIySfbyFrLqn3TcXjixbmcK90VnuQ==}
    engines: {node: '>=16.9.0'}
    peerDependencies:
      eslint: '>=8.40.0'

  eslint-scope@9.1.2:
    resolution: {integrity: sha512-xS90H51cKw0jltxmvmHy2Iai1LIqrfbw57b79w/J7MfvDfkIkFZ+kj6zC3BjtUwh150HsSSdxXZcsuv72miDFQ==}
    engines: {node: ^20.19.0 || ^22.13.0 || >=24}

  eslint-visitor-keys@3.4.3:
    resolution: {integrity: sha512-wpc+LXeiyiisxPlEkUzU6svyS1frIO3Mgxj1fdy7Pm8Ygzguax2N3Fa/D/ag1WqbOprdI+uY6wMUl8/a2G+iag==}
    engines: {node: ^12.22.0 || ^14.17.0 || >=16.0.0}

  eslint-visitor-keys@5.0.1:
    resolution: {integrity: sha512-tD40eHxA35h0PEIZNeIjkHoDR4YjjJp34biM0mDvplBe//mB+IHCqHDGV7pxF+7MklTvighcCPPZC7ynWyjdTA==}
    engines: {node: ^20.19.0 || ^22.13.0 || >=24}

  eslint@10.2.1:
    resolution: {integrity: sha512-wiyGaKsDgqXvF40P8mDwiUp/KQjE1FdrIEJsM8PZ3XCiniTMXS3OHWWUe5FI5agoCnr8x4xPrTDZuxsBlNHl+Q==}
    engines: {node: ^20.19.0 || ^22.13.0 || >=24}
    hasBin: true
    peerDependencies:
      jiti: '*'
    peerDependenciesMeta:
      jiti:
        optional: true

  espree@11.2.0:
    resolution: {integrity: sha512-7p3DrVEIopW1B1avAGLuCSh1jubc01H2JHc8B4qqGblmg5gI9yumBgACjWo4JlIc04ufug4xJ3SQI8HkS/Rgzw==}
    engines: {node: ^20.19.0 || ^22.13.0 || >=24}

  esquery@1.7.0:
    resolution: {integrity: sha512-Ap6G0WQwcU/LHsvLwON1fAQX9Zp0A2Y6Y/cJBl9r/JbW90Zyg4/zbG6zzKa2OTALELarYHmKu0GhpM5EO+7T0g==}
    engines: {node: '>=0.10'}

  esrecurse@4.3.0:
    resolution: {integrity: sha512-KmfKL3b6G+RXvP8N1vr3Tq1kL/oCFgn2NYXEtqP8/L3pKapUA4G8cFVaoF3SU323CD4XypR/ffioHmkti6/Tag==}
    engines: {node: '>=4.0'}

  estraverse@5.3.0:
    resolution: {integrity: sha512-MMdARuVEQziNTeJD8DgMqmhwR11BRQ/cBP+pLtYdSTnf3MIO8fFeiINEbX36ZdNlfU/7A9f3gUw49B3oQsvwBA==}
    engines: {node: '>=4.0'}

  esutils@2.0.3:
    resolution: {integrity: sha512-kVscqXk4OCp68SZ0dkgEKVi6/8ij300KBWTJq32P/dYeWTSwK41WyTxalN1eRmA5Z9UU/LX9D7FWSmV9SAYx6g==}
    engines: {node: '>=0.10.0'}

  fast-deep-equal@3.1.3:
    resolution: {integrity: sha512-f3qQ9oQy9j2AhBe/H9VC91wLmKBCCU/gDOnKNAYG5hswO7BLKj09Hc5HYNz9cGI++xlpDCIgDaitVs03ATR84Q==}

  fast-json-stable-stringify@2.1.0:
    resolution: {integrity: sha512-lhd/wF+Lk98HZoTCtlVraHtfh5XYijIjalXck7saUtuanSDyLMxnHhSXEDJqHxD7msR8D0uCmqlkwjCV8xvwHw==}

  fast-levenshtein@2.0.6:
    resolution: {integrity: sha512-DCXu6Ifhqcks7TZKY3Hxp3y6qphY5SJZmrWMDrKcERSOXWQdMhU9Ig/PYrzyw/ul9jOIyh0N4M0tbC5hodg8dw==}

  file-entry-cache@8.0.0:
    resolution: {integrity: sha512-XXTUwCvisa5oacNGRP9SfNtYBNAMi+RPwBFmblZEF7N7swHYQS6/Zfk7SRwx4D5j3CH211YNRco1DEMNVfZCnQ==}
    engines: {node: '>=16.0.0'}

  find-up@5.0.0:
    resolution: {integrity: sha512-78/PXT1wlLLDgTzDs7sjq9hzz0vXD+zn+7wypEe4fXQxCmdmqfGsEPQxmiCSQI3ajFV91bVSsvNtrJRiW6nGng==}
    engines: {node: '>=10'}

  flat-cache@4.0.1:
    resolution: {integrity: sha512-f7ccFPK3SXFHpx15UIGyRJ/FJQctuKZ0zVuN3frBo4HnK3cay9VEW0R6yPYFHC0AgqhukPzKjq22t5DmAyqGyw==}
    engines: {node: '>=16'}

  flatted@3.4.2:
    resolution: {integrity: sha512-PjDse7RzhcPkIJwy5t7KPWQSZ9cAbzQXcafsetQoD7sOJRQlGikNbx7yZp2OotDnJyrDcbyRq3Ttb18iYOqkxA==}

  fsevents@2.3.2:
    resolution: {integrity: sha512-xiqMQR4xAeHTuB9uWm+fFRcIOgKBMiOBP+eXiyT7jsgVCq1bkVygt00oASowB7EdtpOHaaPgKt812P9ab+DDKA==}
    engines: {node: ^8.16.0 || ^10.6.0 || >=11.0.0}
    os: [darwin]

  glob-parent@6.0.2:
    resolution: {integrity: sha512-XxwI8EOhVQgWp6iDL+3b0r86f4d6AX6zSU55HfB4ydCEuXLXc5FcYeOu+nnGftS4TEju/11rt4KJPTMgbfmv4A==}
    engines: {node: '>=10.13.0'}

  globals@17.5.0:
    resolution: {integrity: sha512-qoV+HK2yFl/366t2/Cb3+xxPUo5BuMynomoDmiaZBIdbs+0pYbjfZU+twLhGKp4uCZ/+NbtpVepH5bGCxRyy2g==}
    engines: {node: '>=18'}

  ignore@5.3.2:
    resolution: {integrity: sha512-hsBTNUqQTDwkWtcdYI2i06Y/nUBEsNEDJKjWdigLvegy8kDuJAS8uRlpkkcQpyEXL0Z/pjDy5HBmMjRCJ2gq+g==}
    engines: {node: '>= 4'}

  imurmurhash@0.1.4:
    resolution: {integrity: sha512-JmXMZ6wuvDmLiHEml9ykzqO6lwFbof0GG4IkcGaENdCRDDmMVnny7s5HsIgHCbaq0w2MyPhDqkhTUgS2LU2PHA==}
    engines: {node: '>=0.8.19'}

  is-extglob@2.1.1:
    resolution: {integrity: sha512-SbKbANkN603Vi4jEZv49LeVJMn4yGwsbzZworEoyEiutsN3nJYdbO36zfhGJ6QEDpOZIFkDtnq5JRxmvl3jsoQ==}
    engines: {node: '>=0.10.0'}

  is-glob@4.0.3:
    resolution: {integrity: sha512-xelSayHH36ZgE7ZWhli7pW34hNbNl8Ojv5KVmkJD4hBdD3th8Tfk9vYasLM+mXWOZhFkgZfxhLSnrwRr4elSSg==}
    engines: {node: '>=0.10.0'}

  isexe@2.0.0:
    resolution: {integrity: sha512-RHxMLp9lnKHGHRng9QFhRCMbYAcVpn69smSGcq3f36xjgVVWThj4qqLbTLlq7Ssj8B+fIQ1EuCEGI2lKsyQeIw==}

  json-buffer@3.0.1:
    resolution: {integrity: sha512-4bV5BfR2mqfQTJm+V5tPPdf+ZpuhiIvTuAB5g8kcrXOZpTT/QwwVRWBywX1ozr6lEuPdbHxwaJlm9G6mI2sfSQ==}

  json-schema-traverse@0.4.1:
    resolution: {integrity: sha512-xbbCH5dCYU5T8LcEhhuh7HJ88HXuW3qsI3Y0zOZFKfZEHcpWiHU/Jxzk629Brsab/mMiHQti9wMP+845RPe3Vg==}

  json-stable-stringify-without-jsonify@1.0.1:
    resolution: {integrity: sha512-Bdboy+l7tA3OGW6FjyFHWkP5LuByj1Tk33Ljyq0axyzdk9//JSi2u3fP1QSmd1KNwq6VOKYGlAu87CisVir6Pw==}

  keyv@4.5.4:
    resolution: {integrity: sha512-oxVHkHR/EJf2CNXnWxRLW6mg7JyCCUcG0DtEGmL2ctUo1PNTin1PUil+r/+4r5MpVgC/fn1kjsx7mjSujKqIpw==}

  levn@0.4.1:
    resolution: {integrity: sha512-+bT2uH4E5LGE7h/n3evcS/sQlJXCpIp6ym8OWJ5eV6+67Dsql/LaaT7qJBAt2rzfoa/5QBGBhxDix1dMt2kQKQ==}
    engines: {node: '>= 0.8.0'}

  locate-path@6.0.0:
    resolution: {integrity: sha512-iPZK6eYjbxRu3uB4/WZ3EsEIMJFMqAoopl3R+zuq0UjcAm/MO6KCweDgPfP3elTztoKP3KtnVHxTn2NHBSDVUw==}
    engines: {node: '>=10'}

  minimatch@10.2.5:
    resolution: {integrity: sha512-MULkVLfKGYDFYejP07QOurDLLQpcjk7Fw+7jXS2R2czRQzR56yHRveU5NDJEOviH+hETZKSkIk5c+T23GjFUMg==}
    engines: {node: 18 || 20 || >=22}

  ms@2.1.3:
    resolution: {integrity: sha512-6FlzubTLZG3J2a/NVCAleEhjzq5oxgHyaCU9yYXvcLsvoVaHJq/s5xXI6/XXP6tz7R9xAOtHnSO/tXtF3WRTlA==}

  natural-compare@1.4.0:
    resolution: {integrity: sha512-OWND8ei3VtNC9h7V60qff3SVobHr996CTwgxubgyQYEpg290h9J0buyECNNJexkFm5sOajh5G116RYA1c8ZMSw==}

  optionator@0.9.4:
    resolution: {integrity: sha512-6IpQ7mKUxRcZNLIObR0hz7lxsapSSIYNZJwXPGeF0mTVqGKFIXj1DQcMoT22S3ROcLyY/rz0PWaWZ9ayWmad9g==}
    engines: {node: '>= 0.8.0'}

  oxfmt@0.41.0:
    resolution: {integrity: sha512-sKLdJZdQ3bw6x9qKiT7+eID4MNEXlDHf5ZacfIircrq6Qwjk0L6t2/JQlZZrVHTXJawK3KaMuBoJnEJPcqCEdg==}
    engines: {node: ^20.19.0 || >=22.12.0}
    hasBin: true

  oxlint-tsgolint@0.20.0:
    resolution: {integrity: sha512-/Uc9TQyN1l8w9QNvXtVHYtz+SzDJHKpb5X0UnHodl0BVzijUPk0LPlDOHAvogd1UI+iy9ZSF6gQxEqfzUxCULQ==}
    hasBin: true

  oxlint@1.61.0:
    resolution: {integrity: sha512-ZC0ALuhDZ6ivOFG+sy0D0pEDN49EvsId98zVlmYdkcXHsEM14m/qTNUEsUpiFiCVbpIxYtVBmmLE87nsbUHohQ==}
    engines: {node: ^20.19.0 || >=22.12.0}
    hasBin: true
    peerDependencies:
      oxlint-tsgolint: '>=0.18.0'
    peerDependenciesMeta:
      oxlint-tsgolint:
        optional: true

  p-limit@3.1.0:
    resolution: {integrity: sha512-TYOanM3wGwNGsZN2cVTYPArw454xnXj5qmWF1bEoAc4+cU/ol7GVh7odevjp1FNHduHc3KZMcFduxU5Xc6uJRQ==}
    engines: {node: '>=10'}

  p-locate@5.0.0:
    resolution: {integrity: sha512-LaNjtRWUBY++zB5nE/NwcaoMylSPk+S+ZHNB1TzdbMJMny6dynpAGt7X/tl/QYq3TIeE6nxHppbo2LGymrG5Pw==}
    engines: {node: '>=10'}

  path-exists@4.0.0:
    resolution: {integrity: sha512-ak9Qy5Q7jYb2Wwcey5Fpvg2KoAc/ZIhLSLOSBmRmygPsGwkVVt0fZa0qrtMz+m6tJTAHfZQ8FnmB4MG4LWy7/w==}
    engines: {node: '>=8'}

  path-key@3.1.1:
    resolution: {integrity: sha512-ojmeN0qd+y0jszEtoY48r0Peq5dwMEkIlCOu6Q5f41lfkswXuKtYrhgoTpLnyIcHm24Uhqx+5Tqm2InSwLhE6Q==}
    engines: {node: '>=8'}

  playwright-core@1.57.0-alpha-2025-10-11:
    resolution: {integrity: sha512-X6KAunryZlslAdEdlN5gIIP3sFU6Uot3vzLoGCZ9SNv0JvXd6e2g7ArjnpOQld36yKszq8J+wQJRlIvdXkIvRw==}
    engines: {node: '>=18'}
    hasBin: true

  playwright@1.57.0-alpha-2025-10-11:
    resolution: {integrity: sha512-a80kAd59up/kURcKE7THLzx3lN6a1G9RhsgP9ZfLGL7WtnOhOdRLxbHwmjWUG11ybEDeYNpj1qwT02MT4R+rew==}
    engines: {node: '>=18'}
    hasBin: true

  prelude-ls@1.2.1:
    resolution: {integrity: sha512-vkcDPrRZo1QZLbn5RLGPpg/WmIQ65qoWWhcGKf/b5eplkkarX0m9z8ppCat4mlOqUsWpyNuYgO3VRyrYHSzX5g==}
    engines: {node: '>= 0.8.0'}

  punycode@2.3.1:
    resolution: {integrity: sha512-vYt7UD1U9Wg6138shLtLOvdAu+8DsC/ilFtEVHcH+wydcSpNE20AfSOduf6MkRFahL5FY7X1oU7nKVZFtfq8Fg==}
    engines: {node: '>=6'}

  shebang-command@2.0.0:
    resolution: {integrity: sha512-kHxr2zZpYtdmrN1qDjrrX/Z1rR1kG8Dx+gkpK1G4eXmvXswmcE1hTWBWYUzlraYw1/yZp6YuDY77YtvbN0dmDA==}
    engines: {node: '>=8'}

  shebang-regex@3.0.0:
    resolution: {integrity: sha512-7++dFhtcx3353uBaq8DDR4NuxBetBzC7ZQOhmTQInHEd6bSrXdiEyzCvG07Z44UYdLShWUyXt5M/yhz8ekcb1A==}
    engines: {node: '>=8'}

  tinypool@2.1.0:
    resolution: {integrity: sha512-Pugqs6M0m7Lv1I7FtxN4aoyToKg1C4tu+/381vH35y8oENM/Ai7f7C4StcoK4/+BSw9ebcS8jRiVrORFKCALLw==}
    engines: {node: ^20.0.0 || >=22.0.0}

  type-check@0.4.0:
    resolution: {integrity: sha512-XleUoc9uwGXqjWwXaUTZAmzMcFZ5858QA2vvx1Ur5xIcixXIP+8LnFDgRplU30us6teqdlskFfu+ae4K79Ooew==}
    engines: {node: '>= 0.8.0'}

  typescript@5.9.3:
    resolution: {integrity: sha512-jl1vZzPDinLr9eUt3J/t7V6FgNEw9QjvBPdysz9KfQDD41fQrC2Y4vKQdiaUpFT4bXlb1RHhLpp8wtm6M5TgSw==}
    engines: {node: '>=14.17'}
    hasBin: true

  undici-types@6.21.0:
    resolution: {integrity: sha512-iwDZqg0QAGrg9Rav5H4n0M64c3mkR59cJ6wQp+7C4nI0gsmExaedaYLNO44eT4AtBBwjbTiGPMlt2Md0T9H9JQ==}

  uri-js@4.4.1:
    resolution: {integrity: sha512-7rKUyy33Q1yc98pQ1DAmLtwX109F7TIfWlW1Ydo8Wl1ii1SeHieeh0HHfPeL2fMXK6z0s8ecKs9frCuLJvndBg==}

  which@2.0.2:
    resolution: {integrity: sha512-BLI3Tl1TW3Pvl70l3yq3Y64i+awpwXqsGBYWkkqMtnbXgrMD+yj7rhW0kuEDxzJaYXGjEW5ogapKNMEKNMjibA==}
    engines: {node: '>= 8'}
    hasBin: true

  word-wrap@1.2.5:
    resolution: {integrity: sha512-BN22B5eaMMI9UMtjrGd5g5eCYPpCPDUy0FJXbYsaT5zYxjFOckS53SQDE3pWkVoWpHXVb3BrYcEN4Twa55B5cA==}
    engines: {node: '>=0.10.0'}

  yocto-queue@0.1.0:
    resolution: {integrity: sha512-rVksvsnNCdJ/ohGc6xgPwyN8eheCxsiLM8mxuE/t/mOVqJewPuO1miLpTHQiRgTKCLexL4MeAFVagts7HmNZ2Q==}
    engines: {node: '>=10'}

snapshots:

  '@eslint-community/eslint-utils@4.9.1(eslint@10.2.1)':
    dependencies:
      eslint: 10.2.1
      eslint-visitor-keys: 3.4.3

  '@eslint-community/regexpp@4.12.2': {}

  '@eslint/config-array@0.23.5':
    dependencies:
      '@eslint/object-schema': 3.0.5
      debug: 4.4.3
      minimatch: 10.2.5
    transitivePeerDependencies:
      - supports-color

  '@eslint/config-helpers@0.5.5':
    dependencies:
      '@eslint/core': 1.2.1

  '@eslint/core@1.2.1':
    dependencies:
      '@types/json-schema': 7.0.15

  '@eslint/object-schema@3.0.5': {}

  '@eslint/plugin-kit@0.7.1':
    dependencies:
      '@eslint/core': 1.2.1
      levn: 0.4.1

  '@humanfs/core@0.19.2':
    dependencies:
      '@humanfs/types': 0.15.0

  '@humanfs/node@0.16.8':
    dependencies:
      '@humanfs/core': 0.19.2
      '@humanfs/types': 0.15.0
      '@humanwhocodes/retry': 0.4.3

  '@humanfs/types@0.15.0': {}

  '@humanwhocodes/module-importer@1.0.1': {}

  '@humanwhocodes/retry@0.4.3': {}

  '@oxfmt/binding-android-arm-eabi@0.41.0':
    optional: true

  '@oxfmt/binding-android-arm64@0.41.0':
    optional: true

  '@oxfmt/binding-darwin-arm64@0.41.0':
    optional: true

  '@oxfmt/binding-darwin-x64@0.41.0':
    optional: true

  '@oxfmt/binding-freebsd-x64@0.41.0':
    optional: true

  '@oxfmt/binding-linux-arm-gnueabihf@0.41.0':
    optional: true

  '@oxfmt/binding-linux-arm-musleabihf@0.41.0':
    optional: true

  '@oxfmt/binding-linux-arm64-gnu@0.41.0':
    optional: true

  '@oxfmt/binding-linux-arm64-musl@0.41.0':
    optional: true

  '@oxfmt/binding-linux-ppc64-gnu@0.41.0':
    optional: true

  '@oxfmt/binding-linux-riscv64-gnu@0.41.0':
    optional: true

  '@oxfmt/binding-linux-riscv64-musl@0.41.0':
    optional: true

  '@oxfmt/binding-linux-s390x-gnu@0.41.0':
    optional: true

  '@oxfmt/binding-linux-x64-gnu@0.41.0':
    optional: true

  '@oxfmt/binding-linux-x64-musl@0.41.0':
    optional: true

  '@oxfmt/binding-openharmony-arm64@0.41.0':
    optional: true

  '@oxfmt/binding-win32-arm64-msvc@0.41.0':
    optional: true

  '@oxfmt/binding-win32-ia32-msvc@0.41.0':
    optional: true

  '@oxfmt/binding-win32-x64-msvc@0.41.0':
    optional: true

  '@oxlint-tsgolint/darwin-arm64@0.20.0':
    optional: true

  '@oxlint-tsgolint/darwin-x64@0.20.0':
    optional: true

  '@oxlint-tsgolint/linux-arm64@0.20.0':
    optional: true

  '@oxlint-tsgolint/linux-x64@0.20.0':
    optional: true

  '@oxlint-tsgolint/win32-arm64@0.20.0':
    optional: true

  '@oxlint-tsgolint/win32-x64@0.20.0':
    optional: true

  '@oxlint/binding-android-arm-eabi@1.61.0':
    optional: true

  '@oxlint/binding-android-arm64@1.61.0':
    optional: true

  '@oxlint/binding-darwin-arm64@1.61.0':
    optional: true

  '@oxlint/binding-darwin-x64@1.61.0':
    optional: true

  '@oxlint/binding-freebsd-x64@1.61.0':
    optional: true

  '@oxlint/binding-linux-arm-gnueabihf@1.61.0':
    optional: true

  '@oxlint/binding-linux-arm-musleabihf@1.61.0':
    optional: true

  '@oxlint/binding-linux-arm64-gnu@1.61.0':
    optional: true

  '@oxlint/binding-linux-arm64-musl@1.61.0':
    optional: true

  '@oxlint/binding-linux-ppc64-gnu@1.61.0':
    optional: true

  '@oxlint/binding-linux-riscv64-gnu@1.61.0':
    optional: true

  '@oxlint/binding-linux-riscv64-musl@1.61.0':
    optional: true

  '@oxlint/binding-linux-s390x-gnu@1.61.0':
    optional: true

  '@oxlint/binding-linux-x64-gnu@1.61.0':
    optional: true

  '@oxlint/binding-linux-x64-musl@1.61.0':
    optional: true

  '@oxlint/binding-openharmony-arm64@1.61.0':
    optional: true

  '@oxlint/binding-win32-arm64-msvc@1.61.0':
    optional: true

  '@oxlint/binding-win32-ia32-msvc@1.61.0':
    optional: true

  '@oxlint/binding-win32-x64-msvc@1.61.0':
    optional: true

  '@playwright/test@1.57.0-alpha-2025-10-11':
    dependencies:
      playwright: 1.57.0-alpha-2025-10-11

  '@types/esrecurse@4.3.1': {}

  '@types/estree@1.0.8': {}

  '@types/json-schema@7.0.15': {}

  '@types/node@20.19.20':
    dependencies:
      undici-types: 6.21.0

  acorn-jsx@5.3.2(acorn@8.16.0):
    dependencies:
      acorn: 8.16.0

  acorn@8.16.0: {}

  ajv@6.15.0:
    dependencies:
      fast-deep-equal: 3.1.3
      fast-json-stable-stringify: 2.1.0
      json-schema-traverse: 0.4.1
      uri-js: 4.4.1

  balanced-match@4.0.4: {}

  brace-expansion@5.0.5:
    dependencies:
      balanced-match: 4.0.4

  cross-spawn@7.0.6:
    dependencies:
      path-key: 3.1.1
      shebang-command: 2.0.0
      which: 2.0.2

  debug@4.4.3:
    dependencies:
      ms: 2.1.3

  deep-is@0.1.4: {}

  dotenv@16.6.1: {}

  escape-string-regexp@4.0.0: {}

  eslint-plugin-playwright@2.10.2(eslint@10.2.1):
    dependencies:
      eslint: 10.2.1
      globals: 17.5.0

  eslint-scope@9.1.2:
    dependencies:
      '@types/esrecurse': 4.3.1
      '@types/estree': 1.0.8
      esrecurse: 4.3.0
      estraverse: 5.3.0

  eslint-visitor-keys@3.4.3: {}

  eslint-visitor-keys@5.0.1: {}

  eslint@10.2.1:
    dependencies:
      '@eslint-community/eslint-utils': 4.9.1(eslint@10.2.1)
      '@eslint-community/regexpp': 4.12.2
      '@eslint/config-array': 0.23.5
      '@eslint/config-helpers': 0.5.5
      '@eslint/core': 1.2.1
      '@eslint/plugin-kit': 0.7.1
      '@humanfs/node': 0.16.8
      '@humanwhocodes/module-importer': 1.0.1
      '@humanwhocodes/retry': 0.4.3
      '@types/estree': 1.0.8
      ajv: 6.15.0
      cross-spawn: 7.0.6
      debug: 4.4.3
      escape-string-regexp: 4.0.0
      eslint-scope: 9.1.2
      eslint-visitor-keys: 5.0.1
      espree: 11.2.0
      esquery: 1.7.0
      esutils: 2.0.3
      fast-deep-equal: 3.1.3
      file-entry-cache: 8.0.0
      find-up: 5.0.0
      glob-parent: 6.0.2
      ignore: 5.3.2
      imurmurhash: 0.1.4
      is-glob: 4.0.3
      json-stable-stringify-without-jsonify: 1.0.1
      minimatch: 10.2.5
      natural-compare: 1.4.0
      optionator: 0.9.4
    transitivePeerDependencies:
      - supports-color

  espree@11.2.0:
    dependencies:
      acorn: 8.16.0
      acorn-jsx: 5.3.2(acorn@8.16.0)
      eslint-visitor-keys: 5.0.1

  esquery@1.7.0:
    dependencies:
      estraverse: 5.3.0

  esrecurse@4.3.0:
    dependencies:
      estraverse: 5.3.0

  estraverse@5.3.0: {}

  esutils@2.0.3: {}

  fast-deep-equal@3.1.3: {}

  fast-json-stable-stringify@2.1.0: {}

  fast-levenshtein@2.0.6: {}

  file-entry-cache@8.0.0:
    dependencies:
      flat-cache: 4.0.1

  find-up@5.0.0:
    dependencies:
      locate-path: 6.0.0
      path-exists: 4.0.0

  flat-cache@4.0.1:
    dependencies:
      flatted: 3.4.2
      keyv: 4.5.4

  flatted@3.4.2: {}

  fsevents@2.3.2:
    optional: true

  glob-parent@6.0.2:
    dependencies:
      is-glob: 4.0.3

  globals@17.5.0: {}

  ignore@5.3.2: {}

  imurmurhash@0.1.4: {}

  is-extglob@2.1.1: {}

  is-glob@4.0.3:
    dependencies:
      is-extglob: 2.1.1

  isexe@2.0.0: {}

  json-buffer@3.0.1: {}

  json-schema-traverse@0.4.1: {}

  json-stable-stringify-without-jsonify@1.0.1: {}

  keyv@4.5.4:
    dependencies:
      json-buffer: 3.0.1

  levn@0.4.1:
    dependencies:
      prelude-ls: 1.2.1
      type-check: 0.4.0

  locate-path@6.0.0:
    dependencies:
      p-locate: 5.0.0

  minimatch@10.2.5:
    dependencies:
      brace-expansion: 5.0.5

  ms@2.1.3: {}

  natural-compare@1.4.0: {}

  optionator@0.9.4:
    dependencies:
      deep-is: 0.1.4
      fast-levenshtein: 2.0.6
      levn: 0.4.1
      prelude-ls: 1.2.1
      type-check: 0.4.0
      word-wrap: 1.2.5

  oxfmt@0.41.0:
    dependencies:
      tinypool: 2.1.0
    optionalDependencies:
      '@oxfmt/binding-android-arm-eabi': 0.41.0
      '@oxfmt/binding-android-arm64': 0.41.0
      '@oxfmt/binding-darwin-arm64': 0.41.0
      '@oxfmt/binding-darwin-x64': 0.41.0
      '@oxfmt/binding-freebsd-x64': 0.41.0
      '@oxfmt/binding-linux-arm-gnueabihf': 0.41.0
      '@oxfmt/binding-linux-arm-musleabihf': 0.41.0
      '@oxfmt/binding-linux-arm64-gnu': 0.41.0
      '@oxfmt/binding-linux-arm64-musl': 0.41.0
      '@oxfmt/binding-linux-ppc64-gnu': 0.41.0
      '@oxfmt/binding-linux-riscv64-gnu': 0.41.0
      '@oxfmt/binding-linux-riscv64-musl': 0.41.0
      '@oxfmt/binding-linux-s390x-gnu': 0.41.0
      '@oxfmt/binding-linux-x64-gnu': 0.41.0
      '@oxfmt/binding-linux-x64-musl': 0.41.0
      '@oxfmt/binding-openharmony-arm64': 0.41.0
      '@oxfmt/binding-win32-arm64-msvc': 0.41.0
      '@oxfmt/binding-win32-ia32-msvc': 0.41.0
      '@oxfmt/binding-win32-x64-msvc': 0.41.0

  oxlint-tsgolint@0.20.0:
    optionalDependencies:
      '@oxlint-tsgolint/darwin-arm64': 0.20.0
      '@oxlint-tsgolint/darwin-x64': 0.20.0
      '@oxlint-tsgolint/linux-arm64': 0.20.0
      '@oxlint-tsgolint/linux-x64': 0.20.0
      '@oxlint-tsgolint/win32-arm64': 0.20.0
      '@oxlint-tsgolint/win32-x64': 0.20.0

  oxlint@1.61.0(oxlint-tsgolint@0.20.0):
    optionalDependencies:
      '@oxlint/binding-android-arm-eabi': 1.61.0
      '@oxlint/binding-android-arm64': 1.61.0
      '@oxlint/binding-darwin-arm64': 1.61.0
      '@oxlint/binding-darwin-x64': 1.61.0
      '@oxlint/binding-freebsd-x64': 1.61.0
      '@oxlint/binding-linux-arm-gnueabihf': 1.61.0
      '@oxlint/binding-linux-arm-musleabihf': 1.61.0
      '@oxlint/binding-linux-arm64-gnu': 1.61.0
      '@oxlint/binding-linux-arm64-musl': 1.61.0
      '@oxlint/binding-linux-ppc64-gnu': 1.61.0
      '@oxlint/binding-linux-riscv64-gnu': 1.61.0
      '@oxlint/binding-linux-riscv64-musl': 1.61.0
      '@oxlint/binding-linux-s390x-gnu': 1.61.0
      '@oxlint/binding-linux-x64-gnu': 1.61.0
      '@oxlint/binding-linux-x64-musl': 1.61.0
      '@oxlint/binding-openharmony-arm64': 1.61.0
      '@oxlint/binding-win32-arm64-msvc': 1.61.0
      '@oxlint/binding-win32-ia32-msvc': 1.61.0
      '@oxlint/binding-win32-x64-msvc': 1.61.0
      oxlint-tsgolint: 0.20.0

  p-limit@3.1.0:
    dependencies:
      yocto-queue: 0.1.0

  p-locate@5.0.0:
    dependencies:
      p-limit: 3.1.0

  path-exists@4.0.0: {}

  path-key@3.1.1: {}

  playwright-core@1.57.0-alpha-2025-10-11: {}

  playwright@1.57.0-alpha-2025-10-11:
    dependencies:
      playwright-core: 1.57.0-alpha-2025-10-11
    optionalDependencies:
      fsevents: 2.3.2

  prelude-ls@1.2.1: {}

  punycode@2.3.1: {}

  shebang-command@2.0.0:
    dependencies:
      shebang-regex: 3.0.0

  shebang-regex@3.0.0: {}

  tinypool@2.1.0: {}

  type-check@0.4.0:
    dependencies:
      prelude-ls: 1.2.1

  typescript@5.9.3: {}

  undici-types@6.21.0: {}

  uri-js@4.4.1:
    dependencies:
      punycode: 2.3.1

  which@2.0.2:
    dependencies:
      isexe: 2.0.0

  word-wrap@1.2.5: {}

  yocto-queue@0.1.0: {}
