# THIS IS AN AUTOGENERATED FILE. DO NOT EDIT THIS FILE DIRECTLY.
# yarn lockfile v1


"@oxfmt/binding-android-arm-eabi@0.41.0":
  version "0.41.0"
  resolved "https://registry.yarnpkg.com/@oxfmt/binding-android-arm-eabi/-/binding-android-arm-eabi-0.41.0.tgz#09438448ab9479730582cd00fb86e4c33795a364"
  integrity sha512-REfrqeMKGkfMP+m/ScX4f5jJBSmVNYcpoDF8vP8f8eYPDuPGZmzp56NIUsYmx3h7f6NzC6cE3gqh8GDWrJHCKw==

"@oxfmt/binding-android-arm64@0.41.0":
  version "0.41.0"
  resolved "https://registry.yarnpkg.com/@oxfmt/binding-android-arm64/-/binding-android-arm64-0.41.0.tgz#b01eef08ff2a6be90f5805fe28339ec0130a955c"
  integrity sha512-s0b1dxNgb2KomspFV2LfogC2XtSJB42POXF4bMCLJyvQmAGos4ZtjGPfQreToQEaY0FQFjz3030ggI36rF1q5g==

"@oxfmt/binding-darwin-arm64@0.41.0":
  version "0.41.0"
  resolved "https://registry.yarnpkg.com/@oxfmt/binding-darwin-arm64/-/binding-darwin-arm64-0.41.0.tgz#a2e24b7c52d40e3bb01939fa9c994d56923294ce"
  integrity sha512-EGXGualADbv/ZmamE7/2DbsrYmjoPlAmHEpTL4vapLF4EfVD6fr8/uQDFnPJkUBjiSWFJZtFNsGeN1B6V3owmA==

"@oxfmt/binding-darwin-x64@0.41.0":
  version "0.41.0"
  resolved "https://registry.yarnpkg.com/@oxfmt/binding-darwin-x64/-/binding-darwin-x64-0.41.0.tgz#c114c0a30195a65cfe0247e2ffd000416df4d4bc"
  integrity sha512-WxySJEvdQQYMmyvISH3qDpTvoS0ebnIP63IMxLLWowJyPp/AAH0hdWtlo+iGNK5y3eVfa5jZguwNaQkDKWpGSw==

"@oxfmt/binding-freebsd-x64@0.41.0":
  version "0.41.0"
  resolved "https://registry.yarnpkg.com/@oxfmt/binding-freebsd-x64/-/binding-freebsd-x64-0.41.0.tgz#a9057a31860ec79970a16b5a0a801a51fab99168"
  integrity sha512-Y2kzMkv3U3oyuYaR4wTfGjOTYTXiFC/hXmG0yVASKkbh02BJkvD98Ij8bIevr45hNZ0DmZEgqiXF+9buD4yMYQ==

"@oxfmt/binding-linux-arm-gnueabihf@0.41.0":
  version "0.41.0"
  resolved "https://registry.yarnpkg.com/@oxfmt/binding-linux-arm-gnueabihf/-/binding-linux-arm-gnueabihf-0.41.0.tgz#1a2be3cbbf2d9e90808858ba8fc38b24023ac44c"
  integrity sha512-ptazDjdUyhket01IjPTT6ULS1KFuBfTUU97osTP96X5y/0oso+AgAaJzuH81oP0+XXyrWIHbRzozSAuQm4p48g==

"@oxfmt/binding-linux-arm-musleabihf@0.41.0":
  version "0.41.0"
  resolved "https://registry.yarnpkg.com/@oxfmt/binding-linux-arm-musleabihf/-/binding-linux-arm-musleabihf-0.41.0.tgz#f0a12feca29bfaf7437d94c32919ff3ac60c213f"
  integrity sha512-UkoL2OKxFD+56bPEBcdGn+4juTW4HRv/T6w1dIDLnvKKWr6DbarB/mtHXlADKlFiJubJz8pRkttOR7qjYR6lTA==

"@oxfmt/binding-linux-arm64-gnu@0.41.0":
  version "0.41.0"
  resolved "https://registry.yarnpkg.com/@oxfmt/binding-linux-arm64-gnu/-/binding-linux-arm64-gnu-0.41.0.tgz#b304c7ede72119f7fe7ce7861007c0ee6eb60c08"
  integrity sha512-gofu0PuumSOHYczD8p62CPY4UF6ee+rSLZJdUXkpwxg6pILiwSDBIouPskjF/5nF3A7QZTz2O9KFNkNxxFN9tA==

"@oxfmt/binding-linux-arm64-musl@0.41.0":
  version "0.41.0"
  resolved "https://registry.yarnpkg.com/@oxfmt/binding-linux-arm64-musl/-/binding-linux-arm64-musl-0.41.0.tgz#295d6ce8d846ca1a287165bf4ff6e7b3cd51f823"
  integrity sha512-VfVZxL0+6RU86T8F8vKiDBa+iHsr8PAjQmKGBzSCAX70b6x+UOMFl+2dNihmKmUwqkCazCPfYjt6SuAPOeQJ3g==

"@oxfmt/binding-linux-ppc64-gnu@0.41.0":
  version "0.41.0"
  resolved "https://registry.yarnpkg.com/@oxfmt/binding-linux-ppc64-gnu/-/binding-linux-ppc64-gnu-0.41.0.tgz#6c702f37bd69bb88bf78264eef5df9dbcdcada49"
  integrity sha512-bwzokz2eGvdfJbc0i+zXMJ4BBjQPqg13jyWpEEZDOrBCQ91r8KeY2Mi2kUeuMTZNFXju+jcAbAbpyJxRGla0eg==

"@oxfmt/binding-linux-riscv64-gnu@0.41.0":
  version "0.41.0"
  resolved "https://registry.yarnpkg.com/@oxfmt/binding-linux-riscv64-gnu/-/binding-linux-riscv64-gnu-0.41.0.tgz#9dac4f7f4cf10d94ade5a109554f810a43525595"
  integrity sha512-POLM//PCH9uqDeNDwWL3b3DkMmI3oI2cU6hwc2lnztD1o7dzrQs3R9nq555BZ6wI7t2lyhT9CS+CRaz5X0XqLA==

"@oxfmt/binding-linux-riscv64-musl@0.41.0":
  version "0.41.0"
  resolved "https://registry.yarnpkg.com/@oxfmt/binding-linux-riscv64-musl/-/binding-linux-riscv64-musl-0.41.0.tgz#ddd573ad4fc8e5d017ab27177eaabea700d68754"
  integrity sha512-NNK7PzhFqLUwx/G12Xtm6scGv7UITvyGdAR5Y+TlqsG+essnuRWR4jRNODWRjzLZod0T3SayRbnkSIWMBov33w==

"@oxfmt/binding-linux-s390x-gnu@0.41.0":
  version "0.41.0"
  resolved "https://registry.yarnpkg.com/@oxfmt/binding-linux-s390x-gnu/-/binding-linux-s390x-gnu-0.41.0.tgz#3300ee81681382c1ec0a4013807c362c27ef4821"
  integrity sha512-qVf/zDC5cN9eKe4qI/O/m445er1IRl6swsSl7jHkqmOSVfknwCe5JXitYjZca+V/cNJSU/xPlC5EFMabMMFDpw==

"@oxfmt/binding-linux-x64-gnu@0.41.0":
  version "0.41.0"
  resolved "https://registry.yarnpkg.com/@oxfmt/binding-linux-x64-gnu/-/binding-linux-x64-gnu-0.41.0.tgz#be9068d48bb521eea83ea6bea2b0e08b39d7638b"
  integrity sha512-ojxYWu7vUb6ysYqVCPHuAPVZHAI40gfZ0PDtZAMwVmh2f0V8ExpPIKoAKr7/8sNbAXJBBpZhs2coypIo2jJX4w==

"@oxfmt/binding-linux-x64-musl@0.41.0":
  version "0.41.0"
  resolved "https://registry.yarnpkg.com/@oxfmt/binding-linux-x64-musl/-/binding-linux-x64-musl-0.41.0.tgz#e0232abd879874823213b71016042d001a740acb"
  integrity sha512-O2exZLBxoCMIv2vlvcbkdedazJPTdG0VSup+0QUCfYQtx751zCZNboX2ZUOiQ/gDTdhtXvSiot0h6GEGkOyalA==

"@oxfmt/binding-openharmony-arm64@0.41.0":
  version "0.41.0"
  resolved "https://registry.yarnpkg.com/@oxfmt/binding-openharmony-arm64/-/binding-openharmony-arm64-0.41.0.tgz#3e5893cde8cae02494cbb5493de9c46613e77058"
  integrity sha512-N+31/VoL+z+NNBt8viy3I4NaIdPbiYeOnB884LKqvXldaE2dRztdPv3q5ipfZYv0RwFp7JfqS4I27K/DSHCakg==

"@oxfmt/binding-win32-arm64-msvc@0.41.0":
  version "0.41.0"
  resolved "https://registry.yarnpkg.com/@oxfmt/binding-win32-arm64-msvc/-/binding-win32-arm64-msvc-0.41.0.tgz#31d8dfeeddc855dbecc9f45d11cd892635d2e42f"
  integrity sha512-Z7NAtu/RN8kjCQ1y5oDD0nTAeRswh3GJ93qwcW51srmidP7XPBmZbLlwERu1W5veCevQJtPS9xmkpcDTYsGIwQ==

"@oxfmt/binding-win32-ia32-msvc@0.41.0":
  version "0.41.0"
  resolved "https://registry.yarnpkg.com/@oxfmt/binding-win32-ia32-msvc/-/binding-win32-ia32-msvc-0.41.0.tgz#873fb408a3e8952fae67763b225e4ea77356e926"
  integrity sha512-uNxxP3l4bJ6VyzIeRqCmBU2Q0SkCFgIhvx9/9dJ9V8t/v+jP1IBsuaLwCXGR8JPHtkj4tFp+RHtUmU2ZYAUpMA==

"@oxfmt/binding-win32-x64-msvc@0.41.0":
  version "0.41.0"
  resolved "https://registry.yarnpkg.com/@oxfmt/binding-win32-x64-msvc/-/binding-win32-x64-msvc-0.41.0.tgz#0adf46bca6908c6b49c790e598f4972b6f4cd191"
  integrity sha512-49ZSpbZ1noozyPapE8SUOSm3IN0Ze4b5nkO+4+7fq6oEYQQJFhE0saj5k/Gg4oewVPdjn0L3ZFeWk2Vehjcw7A==

"@oxlint-tsgolint/darwin-arm64@0.20.0":
  version "0.20.0"
  resolved "https://registry.yarnpkg.com/@oxlint-tsgolint/darwin-arm64/-/darwin-arm64-0.20.0.tgz#6d704883904fa6e5fc922a7cef882bad4c734a0b"
  integrity sha512-KKQcIHZHMxqpHUA1VXIbOG6chNCFkUWbQy6M+AFVtPKkA/3xAeJkJ3njoV66bfzwPHRcWQO+kcj5XqtbkjakoA==

"@oxlint-tsgolint/darwin-x64@0.20.0":
  version "0.20.0"
  resolved "https://registry.yarnpkg.com/@oxlint-tsgolint/darwin-x64/-/darwin-x64-0.20.0.tgz#676d7a1cf82216d91e9bc143f676e7dbe59ce596"
  integrity sha512-7HeVMuclGfG+NLZi2ybY0T4fMI7/XxO/208rJk+zEIloKkVnlh11Wd241JMGwgNFXn+MLJbOqOfojDb2Dt4L1g==

"@oxlint-tsgolint/linux-arm64@0.20.0":
  version "0.20.0"
  resolved "https://registry.yarnpkg.com/@oxlint-tsgolint/linux-arm64/-/linux-arm64-0.20.0.tgz#5a2e67cf18394b6b868301cf3d84c8b8be7ab6b9"
  integrity sha512-zxhUwz+WSxE6oWlZLK2z2ps9yC6ebmgoYmjAl0Oa48+GqkZ56NVgo+wb8DURNv6xrggzHStQxqQxe3mK51HZag==

"@oxlint-tsgolint/linux-x64@0.20.0":
  version "0.20.0"
  resolved "https://registry.yarnpkg.com/@oxlint-tsgolint/linux-x64/-/linux-x64-0.20.0.tgz#68468ad9253668748736191b6a7af51ae737c0a4"
  integrity sha512-/1l6FnahC9im8PK+Ekkx/V3yetO/PzZnJegE2FXcv/iXEhbeVxP/ouiTYcUQu9shT1FWJCSNti1VJHH+21Y1dg==

"@oxlint-tsgolint/win32-arm64@0.20.0":
  version "0.20.0"
  resolved "https://registry.yarnpkg.com/@oxlint-tsgolint/win32-arm64/-/win32-arm64-0.20.0.tgz#32a0eba60f0a88cd6d6d53cc03eb1b2e43ca0c50"
  integrity sha512-oPZ5Yz8sVdo7P/5q+i3IKeix31eFZ55JAPa1+RGPoe9PoaYVsdMvR6Jvib6YtrqoJnFPlg3fjEjlEPL8VBKYJA==

"@oxlint-tsgolint/win32-x64@0.20.0":
  version "0.20.0"
  resolved "https://registry.yarnpkg.com/@oxlint-tsgolint/win32-x64/-/win32-x64-0.20.0.tgz#90d5582b1df2ae877b2c5d7620e3a55acf9cc45f"
  integrity sha512-4stx8RHj3SP9vQyRF/yZbz5igtPvYMEUR8CUoha4BVNZihi39DpCR8qkU7lpjB5Ga1DRMo2pHaA4bdTOMaY4mw==

"@oxlint/binding-android-arm-eabi@1.61.0":
  version "1.61.0"
  resolved "https://registry.yarnpkg.com/@oxlint/binding-android-arm-eabi/-/binding-android-arm-eabi-1.61.0.tgz#c7a8fb22ac3084d6f4c873cdc9779f4f9e38b805"
  integrity sha512-6eZBPgiigK5txqoVgRqxbaxiom4lM8AP8CyKPPvpzKnQ3iFRFOIDc+0AapF+qsUSwjOzr5SGk4SxQDpQhkSJMQ==

"@oxlint/binding-android-arm64@1.61.0":
  version "1.61.0"
  resolved "https://registry.yarnpkg.com/@oxlint/binding-android-arm64/-/binding-android-arm64-1.61.0.tgz#5fe7c707e12513ede292da015d13e93781771e9f"
  integrity sha512-CkwLR69MUnyv5wjzebvbbtTSUwqLxM35CXE79bHqDIK+NtKmPEUpStTcLQRZMCo4MP0qRT6TXIQVpK0ZVScnMA==

"@oxlint/binding-darwin-arm64@1.61.0":
  version "1.61.0"
  resolved "https://registry.yarnpkg.com/@oxlint/binding-darwin-arm64/-/binding-darwin-arm64-1.61.0.tgz#1f58a4c592b76e293e5b9072cc0e4e7a5bef8191"
  integrity sha512-8JbefTkbmvqkqWjmQrHke+MdpgT2UghhD/ktM4FOQSpGeCgbMToJEKdl9zwhr/YWTl92i4QI1KiTwVExpcUN8A==

"@oxlint/binding-darwin-x64@1.61.0":
  version "1.61.0"
  resolved "https://registry.yarnpkg.com/@oxlint/binding-darwin-x64/-/binding-darwin-x64-1.61.0.tgz#eade7425cc943c3146f3e0f0fb4d08d615ee78a9"
  integrity sha512-uWpoxDT47hTnDLcdEh5jVbso8rlTTu5o0zuqa9J8E0JAKmIWn7kGFEIB03Pycn2hd2vKxybPGLhjURy/9We5FQ==

"@oxlint/binding-freebsd-x64@1.61.0":
  version "1.61.0"
  resolved "https://registry.yarnpkg.com/@oxlint/binding-freebsd-x64/-/binding-freebsd-x64-1.61.0.tgz#8d82382a07ce4895c91694a810dee7f39866951b"
  integrity sha512-K/o4hEyW7flfMel0iBVznmMBt7VIMHGdjADocHKpK1DUF9erpWnJ+BSSWd2W0c8K3mPtpph+CuHzRU6CI3l9jQ==

"@oxlint/binding-linux-arm-gnueabihf@1.61.0":
  version "1.61.0"
  resolved "https://registry.yarnpkg.com/@oxlint/binding-linux-arm-gnueabihf/-/binding-linux-arm-gnueabihf-1.61.0.tgz#df76a5700651cda73ca5578de7308f9479b7cb1b"
  integrity sha512-P6040ZkcyweJ0Po9yEFqJCdvZnf3VNCGs1SIHgXDf8AAQNC6ID/heXQs9iSgo2FH7gKaKq32VWc59XZwL34C5Q==

"@oxlint/binding-linux-arm-musleabihf@1.61.0":
  version "1.61.0"
  resolved "https://registry.yarnpkg.com/@oxlint/binding-linux-arm-musleabihf/-/binding-linux-arm-musleabihf-1.61.0.tgz#b198e5697cfb6cc55eff5ab5b9766732e143492d"
  integrity sha512-bwxrGCzTZkuB+THv2TQ1aTkVEfv5oz8sl+0XZZCpoYzErJD8OhPQOTA0ENPd1zJz8QsVdSzSrS2umKtPq4/JXg==

"@oxlint/binding-linux-arm64-gnu@1.61.0":
  version "1.61.0"
  resolved "https://registry.yarnpkg.com/@oxlint/binding-linux-arm64-gnu/-/binding-linux-arm64-gnu-1.61.0.tgz#a5cdae7ef9f9b79526ef764fb174bb362c3737ee"
  integrity sha512-vkhb9/wKguMkLlrm3FoJW/Xmdv31GgYAE+x8lxxQ+7HeOxXUySI0q36a3NTVIuQUdLzxCI1zzMGsk1o37FOe3w==

"@oxlint/binding-linux-arm64-musl@1.61.0":
  version "1.61.0"
  resolved "https://registry.yarnpkg.com/@oxlint/binding-linux-arm64-musl/-/binding-linux-arm64-musl-1.61.0.tgz#227f6d94a3c00140a88ea338436783bd9da6f4ae"
  integrity sha512-bl1dQh8LnVqsj6oOQAcxwbuOmNJkwc4p6o//HTBZhNTzJy21TLDwAviMqUFNUxDHkPGpmdKTSN4tWTjLryP8xg==

"@oxlint/binding-linux-ppc64-gnu@1.61.0":
  version "1.61.0"
  resolved "https://registry.yarnpkg.com/@oxlint/binding-linux-ppc64-gnu/-/binding-linux-ppc64-gnu-1.61.0.tgz#e504e6cd8691fe460b202599d4c962fc7ad98f94"
  integrity sha512-QoOX6KB2IiEpyOj/HKqaxi+NQHPnOgNgnr22n9N4ANJCzXkUlj1UmeAbFb4PpqdlHIzvGDM5xZ0OKtcLq9RhiQ==

"@oxlint/binding-linux-riscv64-gnu@1.61.0":
  version "1.61.0"
  resolved "https://registry.yarnpkg.com/@oxlint/binding-linux-riscv64-gnu/-/binding-linux-riscv64-gnu-1.61.0.tgz#efe70d9e570756fe19fb60d05a39dd58e9e0f32d"
  integrity sha512-1TGcTerjY6p152wCof3oKElccq3xHljS/Mucp04gV/4ATpP6nO7YNnp7opEg6SHkv2a57/b4b8Ndm9znJ1/qAw==

"@oxlint/binding-linux-riscv64-musl@1.61.0":
  version "1.61.0"
  resolved "https://registry.yarnpkg.com/@oxlint/binding-linux-riscv64-musl/-/binding-linux-riscv64-musl-1.61.0.tgz#f9c42095192f235b03a5d3d1f1fbfb45002d5a93"
  integrity sha512-65wXEmZIrX2ADwC8i/qFL4EWLSbeuBpAm3suuX1vu4IQkKd+wLT/HU/BOl84kp91u2SxPkPDyQgu4yrqp8vwVA==

"@oxlint/binding-linux-s390x-gnu@1.61.0":
  version "1.61.0"
  resolved "https://registry.yarnpkg.com/@oxlint/binding-linux-s390x-gnu/-/binding-linux-s390x-gnu-1.61.0.tgz#23773cd6f8087f98c54383caccb98808fab6cca0"
  integrity sha512-TVvhgMvor7Qa6COeXxCJ7ENOM+lcAOGsQ0iUdPSCv2hxb9qSHLQ4XF1h50S6RE1gBOJ0WV3rNukg4JJJP1LWRA==

"@oxlint/binding-linux-x64-gnu@1.61.0":
  version "1.61.0"
  resolved "https://registry.yarnpkg.com/@oxlint/binding-linux-x64-gnu/-/binding-linux-x64-gnu-1.61.0.tgz#f46b036cf74b382c03f6a00e18cd1ae53096517f"
  integrity sha512-SjpS5uYuFoDnDdZPwZE59ndF95AsY47R5MliuneTWR1pDm2CxGJaYXbKULI71t5TVfLQUWmrHEGRL9xvuq6dnA==

"@oxlint/binding-linux-x64-musl@1.61.0":
  version "1.61.0"
  resolved "https://registry.yarnpkg.com/@oxlint/binding-linux-x64-musl/-/binding-linux-x64-musl-1.61.0.tgz#cff6c4c24de0863cecbce1c1f43adcafacd9011d"
  integrity sha512-gGfAeGD4sNJGILZbc/yKcIimO9wQnPMoYp9swAaKeEtwsSQAbU+rsdQze5SBtIP6j0QDzeYd4XSSUCRCF+LIeQ==

"@oxlint/binding-openharmony-arm64@1.61.0":
  version "1.61.0"
  resolved "https://registry.yarnpkg.com/@oxlint/binding-openharmony-arm64/-/binding-openharmony-arm64-1.61.0.tgz#9fdd87fc10c2c51c510470f7c4136ab2df9ee7b3"
  integrity sha512-OlVT0LrG/ct33EVtWRyR+B/othwmDWeRxfi13wUdPeb3lAT5TgTcFDcfLfarZtzB4W1nWF/zICMgYdkggX2WmQ==

"@oxlint/binding-win32-arm64-msvc@1.61.0":
  version "1.61.0"
  resolved "https://registry.yarnpkg.com/@oxlint/binding-win32-arm64-msvc/-/binding-win32-arm64-msvc-1.61.0.tgz#25a87f62859a6703f2520d665f98f6c0f88a70e0"
  integrity sha512-vI//NZPJk6DToiovPtaiwD4iQ7kO1r5ReWQD0sOOyKRtP3E2f6jxin4uvwi3OvDzHA2EFfd7DcZl5dtkQh7g1w==

"@oxlint/binding-win32-ia32-msvc@1.61.0":
  version "1.61.0"
  resolved "https://registry.yarnpkg.com/@oxlint/binding-win32-ia32-msvc/-/binding-win32-ia32-msvc-1.61.0.tgz#06f7df42b074f28ef27540d38be69875e5d5afcb"
  integrity sha512-0ySj4/4zd2XjePs3XAQq7IigIstN4LPQZgCyigX5/ERMLjdWAJfnxcTsrtxZxuij8guJW8foXuHmhGxW0H4dDA==

"@oxlint/binding-win32-x64-msvc@1.61.0":
  version "1.61.0"
  resolved "https://registry.yarnpkg.com/@oxlint/binding-win32-x64-msvc/-/binding-win32-x64-msvc-1.61.0.tgz#7bc84b261bb8b515ade20f1044547cc8bbee44ce"
  integrity sha512-0xgSiyeqDLDZxXoe9CVJrOx3TUVsfyoOY7cNi03JbItNcC9WCZqrSNdrAbHONxhSPaVh/lzfnDcON1RqSUMhHw==

"@playwright/test@^1.57.0-alpha-2025-10-09":
  version "1.57.0-alpha-2025-10-11"
  resolved "https://registry.yarnpkg.com/@playwright/test/-/test-1.57.0-alpha-2025-10-11.tgz#75f6fac2f98fcff6e4bae1c907b48ad0b1a33bea"
  integrity sha512-xqp2RNcLCPSUAYCrP3+rYZ4LFlESvWqjjpFegjNbun7wLcGvUt9Mh+RHBvgeZAhMxxuVde78XO9Y888UYFH9ew==
  dependencies:
    playwright "1.57.0-alpha-2025-10-11"

"@types/node@^20.0.0":
  version "20.19.20"
  resolved "https://registry.yarnpkg.com/@types/node/-/node-20.19.20.tgz#116f5432a1e6383415a57cf5e00b5ac9b2a2ad03"
  integrity sha512-2Q7WS25j4pS1cS8yw3d6buNCVJukOTeQ39bAnwR6sOJbaxvyCGebzTMypDFN82CxBLnl+lSWVdCCWbRY6y9yZQ==
  dependencies:
    undici-types "~6.21.0"

dotenv@^16.0.0:
  version "16.6.1"
  resolved "https://registry.yarnpkg.com/dotenv/-/dotenv-16.6.1.tgz#773f0e69527a8315c7285d5ee73c4459d20a8020"
  integrity sha512-uBq4egWHTcTt33a72vpSG0z3HnPuIl6NqYcTrKEg2azoEyl2hpW0zqlxysq2pK9HlDIHyHyakeYaYnSAwd8bow==

eslint-plugin-playwright@^2.10.2:
  version "2.10.2"
  resolved "https://registry.yarnpkg.com/eslint-plugin-playwright/-/eslint-plugin-playwright-2.10.2.tgz#1f0bef35c0b9f996a6987a401e6d4e6a3a015861"
  integrity sha512-0N+2OWc3NZbOZ0gK8mp2TK6Qu3UWcJTQ9rqU0UM2yRJXgT758pvpY0lsOLIySfbyFrLqn3TcXjixbmcK90VnuQ==
  dependencies:
    globals "^17.3.0"

fsevents@2.3.2:
  version "2.3.2"
  resolved "https://registry.yarnpkg.com/fsevents/-/fsevents-2.3.2.tgz#8a526f78b8fdf4623b709e0b975c52c24c02fd1a"
  integrity sha512-xiqMQR4xAeHTuB9uWm+fFRcIOgKBMiOBP+eXiyT7jsgVCq1bkVygt00oASowB7EdtpOHaaPgKt812P9ab+DDKA==

globals@^17.3.0:
  version "17.5.0"
  resolved "https://registry.yarnpkg.com/globals/-/globals-17.5.0.tgz#a82c641d898f8dfbe0e81f66fdff7d0de43f88c6"
  integrity sha512-qoV+HK2yFl/366t2/Cb3+xxPUo5BuMynomoDmiaZBIdbs+0pYbjfZU+twLhGKp4uCZ/+NbtpVepH5bGCxRyy2g==

oxfmt@^0.41.0:
  version "0.41.0"
  resolved "https://registry.yarnpkg.com/oxfmt/-/oxfmt-0.41.0.tgz#7dbfb63d19704a85412f36678c3ace092ce88673"
  integrity sha512-sKLdJZdQ3bw6x9qKiT7+eID4MNEXlDHf5ZacfIircrq6Qwjk0L6t2/JQlZZrVHTXJawK3KaMuBoJnEJPcqCEdg==
  dependencies:
    tinypool "2.1.0"
  optionalDependencies:
    "@oxfmt/binding-android-arm-eabi" "0.41.0"
    "@oxfmt/binding-android-arm64" "0.41.0"
    "@oxfmt/binding-darwin-arm64" "0.41.0"
    "@oxfmt/binding-darwin-x64" "0.41.0"
    "@oxfmt/binding-freebsd-x64" "0.41.0"
    "@oxfmt/binding-linux-arm-gnueabihf" "0.41.0"
    "@oxfmt/binding-linux-arm-musleabihf" "0.41.0"
    "@oxfmt/binding-linux-arm64-gnu" "0.41.0"
    "@oxfmt/binding-linux-arm64-musl" "0.41.0"
    "@oxfmt/binding-linux-ppc64-gnu" "0.41.0"
    "@oxfmt/binding-linux-riscv64-gnu" "0.41.0"
    "@oxfmt/binding-linux-riscv64-musl" "0.41.0"
    "@oxfmt/binding-linux-s390x-gnu" "0.41.0"
    "@oxfmt/binding-linux-x64-gnu" "0.41.0"
    "@oxfmt/binding-linux-x64-musl" "0.41.0"
    "@oxfmt/binding-openharmony-arm64" "0.41.0"
    "@oxfmt/binding-win32-arm64-msvc" "0.41.0"
    "@oxfmt/binding-win32-ia32-msvc" "0.41.0"
    "@oxfmt/binding-win32-x64-msvc" "0.41.0"

oxlint-tsgolint@^0.20.0:
  version "0.20.0"
  resolved "https://registry.yarnpkg.com/oxlint-tsgolint/-/oxlint-tsgolint-0.20.0.tgz#e011319219faa572faf340c40d65708404b37e10"
  integrity sha512-/Uc9TQyN1l8w9QNvXtVHYtz+SzDJHKpb5X0UnHodl0BVzijUPk0LPlDOHAvogd1UI+iy9ZSF6gQxEqfzUxCULQ==
  optionalDependencies:
    "@oxlint-tsgolint/darwin-arm64" "0.20.0"
    "@oxlint-tsgolint/darwin-x64" "0.20.0"
    "@oxlint-tsgolint/linux-arm64" "0.20.0"
    "@oxlint-tsgolint/linux-x64" "0.20.0"
    "@oxlint-tsgolint/win32-arm64" "0.20.0"
    "@oxlint-tsgolint/win32-x64" "0.20.0"

oxlint@^1.59.0:
  version "1.61.0"
  resolved "https://registry.yarnpkg.com/oxlint/-/oxlint-1.61.0.tgz#e714742cfe7b815713feb14600b0ffe963d539a4"
  integrity sha512-ZC0ALuhDZ6ivOFG+sy0D0pEDN49EvsId98zVlmYdkcXHsEM14m/qTNUEsUpiFiCVbpIxYtVBmmLE87nsbUHohQ==
  optionalDependencies:
    "@oxlint/binding-android-arm-eabi" "1.61.0"
    "@oxlint/binding-android-arm64" "1.61.0"
    "@oxlint/binding-darwin-arm64" "1.61.0"
    "@oxlint/binding-darwin-x64" "1.61.0"
    "@oxlint/binding-freebsd-x64" "1.61.0"
    "@oxlint/binding-linux-arm-gnueabihf" "1.61.0"
    "@oxlint/binding-linux-arm-musleabihf" "1.61.0"
    "@oxlint/binding-linux-arm64-gnu" "1.61.0"
    "@oxlint/binding-linux-arm64-musl" "1.61.0"
    "@oxlint/binding-linux-ppc64-gnu" "1.61.0"
    "@oxlint/binding-linux-riscv64-gnu" "1.61.0"
    "@oxlint/binding-linux-riscv64-musl" "1.61.0"
    "@oxlint/binding-linux-s390x-gnu" "1.61.0"
    "@oxlint/binding-linux-x64-gnu" "1.61.0"
    "@oxlint/binding-linux-x64-musl" "1.61.0"
    "@oxlint/binding-openharmony-arm64" "1.61.0"
    "@oxlint/binding-win32-arm64-msvc" "1.61.0"
    "@oxlint/binding-win32-ia32-msvc" "1.61.0"
    "@oxlint/binding-win32-x64-msvc" "1.61.0"

playwright-core@1.57.0-alpha-2025-10-11:
  version "1.57.0-alpha-2025-10-11"
  resolved "https://registry.yarnpkg.com/playwright-core/-/playwright-core-1.57.0-alpha-2025-10-11.tgz#b444b75542a43bc354e512d076344d9258997e9c"
  integrity sha512-X6KAunryZlslAdEdlN5gIIP3sFU6Uot3vzLoGCZ9SNv0JvXd6e2g7ArjnpOQld36yKszq8J+wQJRlIvdXkIvRw==

playwright@1.57.0-alpha-2025-10-11:
  version "1.57.0-alpha-2025-10-11"
  resolved "https://registry.yarnpkg.com/playwright/-/playwright-1.57.0-alpha-2025-10-11.tgz#af67a28d64b39fe57eea454b2b312e98bfff02a5"
  integrity sha512-a80kAd59up/kURcKE7THLzx3lN6a1G9RhsgP9ZfLGL7WtnOhOdRLxbHwmjWUG11ybEDeYNpj1qwT02MT4R+rew==
  dependencies:
    playwright-core "1.57.0-alpha-2025-10-11"
  optionalDependencies:
    fsevents "2.3.2"

tinypool@2.1.0:
  version "2.1.0"
  resolved "https://registry.yarnpkg.com/tinypool/-/tinypool-2.1.0.tgz#303a671d6ef68d03c9512cdc9a47c86b8a85f20c"
  integrity sha512-Pugqs6M0m7Lv1I7FtxN4aoyToKg1C4tu+/381vH35y8oENM/Ai7f7C4StcoK4/+BSw9ebcS8jRiVrORFKCALLw==

typescript@^5.0.0:
  version "5.9.3"
  resolved "https://registry.yarnpkg.com/typescript/-/typescript-5.9.3.tgz#5b4f59e15310ab17a216f5d6cf53ee476ede670f"
  integrity sha512-jl1vZzPDinLr9eUt3J/t7V6FgNEw9QjvBPdysz9KfQDD41fQrC2Y4vKQdiaUpFT4bXlb1RHhLpp8wtm6M5TgSw==

undici-types@~6.21.0:
  version "6.21.0"
  resolved "https://registry.yarnpkg.com/undici-types/-/undici-types-6.21.0.tgz#691d00af3909be93a7faa13be61b3a5b50ef12cb"
  integrity sha512-iwDZqg0QAGrg9Rav5H4n0M64c3mkR59cJ6wQp+7C4nI0gsmExaedaYLNO44eT4AtBBwjbTiGPMlt2Md0T9H9JQ==
