# THIS IS AN AUTOGENERATED FILE. DO NOT EDIT THIS FILE DIRECTLY.
# yarn lockfile v1


"@playwright/test@^1.22.0":
  version "1.40.0"
  resolved "https://registry.npmjs.org/@playwright/test/-/test-1.40.0.tgz"
  integrity sha512-PdW+kn4eV99iP5gxWNSDQCbhMaDVej+RXL5xr6t04nbKLCBwYtA046t7ofoczHOm8u6c+45hpDKQVZqtqwkeQg==
  dependencies:
    playwright "1.40.0"

"@types/node@^20.9.2":
  version "20.9.2"
  resolved "https://registry.npmjs.org/@types/node/-/node-20.9.2.tgz"
  integrity sha512-WHZXKFCEyIUJzAwh3NyyTHYSR35SevJ6mZ1nWwJafKtiQbqRTIKSRcw3Ma3acqgsent3RRDqeVwpHntMk+9irg==
  dependencies:
    undici-types "~5.26.4"

dotenv@8.2.0:
  version "8.2.0"
  resolved "https://registry.npmjs.org/dotenv/-/dotenv-8.2.0.tgz"
  integrity sha512-8sJ78ElpbDJBHNeBzUbUVLsqKdccaa/BXF1uPTw3GrvQTBgrQrtObr2mUrE38vzYd8cEv+m/JBfDLioYcfXoaw==

fsevents@2.3.2:
  version "2.3.2"
  resolved "https://registry.npmjs.org/fsevents/-/fsevents-2.3.2.tgz"
  integrity sha512-xiqMQR4xAeHTuB9uWm+fFRcIOgKBMiOBP+eXiyT7jsgVCq1bkVygt00oASowB7EdtpOHaaPgKt812P9ab+DDKA==

playwright-core@1.40.0:
  version "1.40.0"
  resolved "https://registry.npmjs.org/playwright-core/-/playwright-core-1.40.0.tgz"
  integrity sha512-fvKewVJpGeca8t0ipM56jkVSU6Eo0RmFvQ/MaCQNDYm+sdvKkMBBWTE1FdeMqIdumRaXXjZChWHvIzCGM/tA/Q==

playwright@1.40.0:
  version "1.40.0"
  resolved "https://registry.npmjs.org/playwright/-/playwright-1.40.0.tgz"
  integrity sha512-gyHAgQjiDf1m34Xpwzaqb76KgfzYrhK7iih+2IzcOCoZWr/8ZqmdBw+t0RU85ZmfJMgtgAiNtBQ/KS2325INXw==
  dependencies:
    playwright-core "1.40.0"
  optionalDependencies:
    fsevents "2.3.2"

undici-types@~5.26.4:
  version "5.26.5"
  resolved "https://registry.npmjs.org/undici-types/-/undici-types-5.26.5.tgz"
  integrity sha512-JlCMO+ehdEIKqlFxk6IfVoAUVmgz7cU7zD/h9XZ0qzeosSHmUJVOzSQvvYSYWXkFXC+IfLKSIffhv0sVZup6pA==
