# THIS IS AN AUTOGENERATED FILE. DO NOT EDIT THIS FILE DIRECTLY.
# yarn lockfile v1


"@playwright/test@^1.57.0-alpha-2025-10-11":
  version "1.57.0-alpha-2025-10-11"
  resolved "https://registry.yarnpkg.com/@playwright/test/-/test-1.57.0-alpha-2025-10-11.tgz#75f6fac2f98fcff6e4bae1c907b48ad0b1a33bea"
  integrity sha512-xqp2RNcLCPSUAYCrP3+rYZ4LFlESvWqjjpFegjNbun7wLcGvUt9Mh+RHBvgeZAhMxxuVde78XO9Y888UYFH9ew==
  dependencies:
    playwright "1.57.0-alpha-2025-10-11"

"@types/node@^24.7.1":
  version "24.7.1"
  resolved "https://registry.yarnpkg.com/@types/node/-/node-24.7.1.tgz#3f0b17eddcd965c9e337af22459b04bafbf96e5e"
  integrity sha512-CmyhGZanP88uuC5GpWU9q+fI61j2SkhO3UGMUdfYRE6Bcy0ccyzn1Rqj9YAB/ZY4kOXmNf0ocah5GtphmLMP6Q==
  dependencies:
    undici-types "~7.14.0"

dotenv@^17.2.3:
  version "17.2.3"
  resolved "https://registry.yarnpkg.com/dotenv/-/dotenv-17.2.3.tgz#ad995d6997f639b11065f419a22fabf567cdb9a2"
  integrity sha512-JVUnt+DUIzu87TABbhPmNfVdBDt18BLOWjMUFJMSi/Qqg7NTYtabbvSNJGOJ7afbRuv9D/lngizHtP7QyLQ+9w==

fsevents@2.3.2:
  version "2.3.2"
  resolved "https://registry.yarnpkg.com/fsevents/-/fsevents-2.3.2.tgz#8a526f78b8fdf4623b709e0b975c52c24c02fd1a"
  integrity sha512-xiqMQR4xAeHTuB9uWm+fFRcIOgKBMiOBP+eXiyT7jsgVCq1bkVygt00oASowB7EdtpOHaaPgKt812P9ab+DDKA==

playwright-core@1.57.0-alpha-2025-10-11:
  version "1.57.0-alpha-2025-10-11"
  resolved "https://registry.yarnpkg.com/playwright-core/-/playwright-core-1.57.0-alpha-2025-10-11.tgz#b444b75542a43bc354e512d076344d9258997e9c"
  integrity sha512-X6KAunryZlslAdEdlN5gIIP3sFU6Uot3vzLoGCZ9SNv0JvXd6e2g7ArjnpOQld36yKszq8J+wQJRlIvdXkIvRw==

playwright@1.57.0-alpha-2025-10-11:
  version "1.57.0-alpha-2025-10-11"
  resolved "https://registry.yarnpkg.com/playwright/-/playwright-1.57.0-alpha-2025-10-11.tgz#af67a28d64b39fe57eea454b2b312e98bfff02a5"
  integrity sha512-a80kAd59up/kURcKE7THLzx3lN6a1G9RhsgP9ZfLGL7WtnOhOdRLxbHwmjWUG11ybEDeYNpj1qwT02MT4R+rew==
  dependencies:
    playwright-core "1.57.0-alpha-2025-10-11"
  optionalDependencies:
    fsevents "2.3.2"

typescript@^5.9.3:
  version "5.9.3"
  resolved "https://registry.yarnpkg.com/typescript/-/typescript-5.9.3.tgz#5b4f59e15310ab17a216f5d6cf53ee476ede670f"
  integrity sha512-jl1vZzPDinLr9eUt3J/t7V6FgNEw9QjvBPdysz9KfQDD41fQrC2Y4vKQdiaUpFT4bXlb1RHhLpp8wtm6M5TgSw==

undici-types@~7.14.0:
  version "7.14.0"
  resolved "https://registry.yarnpkg.com/undici-types/-/undici-types-7.14.0.tgz#4c037b32ca4d7d62fae042174604341588bc0840"
  integrity sha512-QQiYxHuyZ9gQUIrmPo3IA+hUl4KYk8uSA7cHrcKd/l3p1OTpZcM0Tbp9x7FAtXdAYhlasd60ncPpgu6ihG6TOA==
